// !$*UTF8*$!
{
	archiveVersion = 1;
	classes = {
	};
	objectVersion = 46;
	objects = {

/* Begin PBXBuildFile section */
		D231AD071AC2631900CFDB50 /* main.m in Sources */ = {isa = PBXBuildFile; fileRef = D231AD061AC2631900CFDB50 /* main.m */; };
		D231AD0A1AC2631900CFDB50 /* AppDelegate.m in Sources */ = {isa = PBXBuildFile; fileRef = D231AD091AC2631900CFDB50 /* AppDelegate.m */; };
		D231AD0D1AC2631900CFDB50 /* ViewController.m in Sources */ = {isa = PBXBuildFile; fileRef = D231AD0C1AC2631900CFDB50 /* ViewController.m */; };
		D231AD101AC2631900CFDB50 /* Main.storyboard in Resources */ = {isa = PBXBuildFile; fileRef = D231AD0E1AC2631900CFDB50 /* Main.storyboard */; };
		D231AD121AC2631900CFDB50 /* Images.xcassets in Resources */ = {isa = PBXBuildFile; fileRef = D231AD111AC2631900CFDB50 /* Images.xcassets */; };
		D231AD151AC2631900CFDB50 /* LaunchScreen.xib in Resources */ = {isa = PBXBuildFile; fileRef = D231AD131AC2631900CFDB50 /* LaunchScreen.xib */; };
		D231AD211AC2631900CFDB50 /* photoshootTests.m in Sources */ = {isa = PBXBuildFile; fileRef = D231AD201AC2631900CFDB50 /* photoshootTests.m */; };
/* End PBXBuildFile section */

/* Begin PBXContainerItemProxy section */
		D231AD1B1AC2631900CFDB50 /* PBXContainerItemProxy */ = {
			isa = PBXContainerItemProxy;
			containerPortal = D231ACF91AC2631900CFDB50 /* Project object */;
			proxyType = 1;
			remoteGlobalIDString = D231AD001AC2631900CFDB50;
			remoteInfo = photoshoot;
		};
/* End PBXContainerItemProxy section */

/* Begin PBXFileReference section */
		D231AD011AC2631900CFDB50 /* photoshoot.app */ = {isa = PBXFileReference; explicitFileType = wrapper.application; includeInIndex = 0; path = photoshoot.app; sourceTree = BUILT_PRODUCTS_DIR; };
		D231AD051AC2631900CFDB50 /* Info.plist */ = {isa = PBXFileReference; lastKnownFileType = text.plist.xml; path = Info.plist; sourceTree = "<group>"; };
		D231AD061AC2631900CFDB50 /* main.m */ = {isa = PBXFileReference; lastKnownFileType = sourcecode.c.objc; path = main.m; sourceTree = "<group>"; };
		D231AD081AC2631900CFDB50 /* AppDelegate.h */ = {isa = PBXFileReference; lastKnownFileType = sourcecode.c.h; path = AppDelegate.h; sourceTree = "<group>"; };
		D231AD091AC2631900CFDB50 /* AppDelegate.m */ = {isa = PBXFileReference; lastKnownFileType = sourcecode.c.objc; path = AppDelegate.m; sourceTree = "<group>"; };
		D231AD0B1AC2631900CFDB50 /* ViewController.h */ = {isa = PBXFileReference; lastKnownFileType = sourcecode.c.h; path = ViewController.h; sourceTree = "<group>"; };
		D231AD0C1AC2631900CFDB50 /* ViewController.m */ = {isa = PBXFileReference; lastKnownFileType = sourcecode.c.objc; path = ViewController.m; sourceTree = "<group>"; };
		D231AD0F1AC2631900CFDB50 /* Base */ = {isa = PBXFileReference; lastKnownFileType = file.storyboard; name = Base; path = Base.lproj/Main.storyboard; sourceTree = "<group>"; };
		D231AD111AC2631900CFDB50 /* Images.xcassets */ = {isa = PBXFileReference; lastKnownFileType = folder.assetcatalog; path = Images.xcassets; sourceTree = "<group>"; };
		D231AD141AC2631900CFDB50 /* Base */ = {isa = PBXFileReference; lastKnownFileType = file.xib; name = Base; path = Base.lproj/LaunchScreen.xib; sourceTree = "<group>"; };
		D231AD1A1AC2631900CFDB50 /* photoshootTests.xctest */ = {isa = PBXFileReference; explicitFileType = wrapper.cfbundle; includeInIndex = 0; path = photoshootTests.xctest; sourceTree = BUILT_PRODUCTS_DIR; };
		D231AD1F1AC2631900CFDB50 /* Info.plist */ = {isa = PBXFileReference; lastKnownFileType = text.plist.xml; path = Info.plist; sourceTree = "<group>"; };
		D231AD201AC2631900CFDB50 /* photoshootTests.m */ = {isa = PBXFileReference; lastKnownFileType = sourcecode.c.objc; path = photoshootTests.m; sourceTree = "<group>"; };
/* End PBXFileReference section */

/* Begin PBXFrameworksBuildPhase section */
		D231ACFE1AC2631900CFDB50 /* Frameworks */ = {
			isa = PBXFrameworksBuildPhase;
			buildActionMask = 2147483647;
			files = (
			);
			runOnlyForDeploymentPostprocessing = 0;
		};
		D231AD171AC2631900CFDB50 /* Frameworks */ = {
			isa = PBXFrameworksBuildPhase;
			buildActionMask = 2147483647;
			files = (
			);
			runOnlyForDeploymentPostprocessing = 0;
		};
/* End PBXFrameworksBuildPhase section */

/* Begin PBXGroup section */
		D231ACF81AC2631900CFDB50 = {
			isa = PBXGroup;
			children = (
				D231AD031AC2631900CFDB50 /* photoshoot */,
				D231AD1D1AC2631900CFDB50 /* photoshootTests */,
				D231AD021AC2631900CFDB50 /* Products */,
			);
			sourceTree = "<group>";
		};
		D231AD021AC2631900CFDB50 /* Products */ = {
			isa = PBXGroup;
			children = (
				D231AD011AC2631900CFDB50 /* photoshoot.app */,
				D231AD1A1AC2631900CFDB50 /* photoshootTests.xctest */,
			);
			name = Products;
			sourceTree = "<group>";
		};
		D231AD031AC2631900CFDB50 /* photoshoot */ = {
			isa = PBXGroup;
			children = (
				D231AD081AC2631900CFDB50 /* AppDelegate.h */,
				D231AD091AC2631900CFDB50 /* AppDelegate.m */,
				D231AD0B1AC2631900CFDB50 /* ViewController.h */,
				D231AD0C1AC2631900CFDB50 /* ViewController.m */,
				D231AD0E1AC2631900CFDB50 /* Main.storyboard */,
				D231AD111AC2631900CFDB50 /* Images.xcassets */,
				D231AD131AC2631900CFDB50 /* LaunchScreen.xib */,
				D231AD041AC2631900CFDB50 /* Supporting Files */,
			);
			path = photoshoot;
			sourceTree = "<group>";
		};
		D231AD041AC2631900CFDB50 /* Supporting Files */ = {
			isa = PBXGroup;
			children = (
				D231AD051AC2631900CFDB50 /* Info.plist */,
				D231AD061AC2631900CFDB50 /* main.m */,
			);
			name = "Supporting Files";
			sourceTree = "<group>";
		};
		D231AD1D1AC2631900CFDB50 /* photoshootTests */ = {
			isa = PBXGroup;
			children = (
				D231AD201AC2631900CFDB50 /* photoshootTests.m */,
				D231AD1E1AC2631900CFDB50 /* Supporting Files */,
			);
			path = photoshootTests;
			sourceTree = "<group>";
		};
		D231AD1E1AC2631900CFDB50 /* Supporting Files */ = {
			isa = PBXGroup;
			children = (
				D231AD1F1AC2631900CFDB50 /* Info.plist */,
			);
			name = "Supporting Files";
			sourceTree = "<group>";
		};
/* End PBXGroup section */

/* Begin PBXNativeTarget section */
		D231AD001AC2631900CFDB50 /* photoshoot */ = {
			isa = PBXNativeTarget;
			buildConfigurationList = D231AD241AC2631900CFDB50 /* Build configuration list for PBXNativeTarget "photoshoot" */;
			buildPhases = (
				D231ACFD1AC2631900CFDB50 /* Sources */,
				D231ACFE1AC2631900CFDB50 /* Frameworks */,
				D231ACFF1AC2631900CFDB50 /* Resources */,
			);
			buildRules = (
			);
			dependencies = (
			);
			name = photoshoot;
			productName = photoshoot;
			productReference = D231AD011AC2631900CFDB50 /* photoshoot.app */;
			productType = "com.apple.product-type.application";
		};
		D231AD191AC2631900CFDB50 /* photoshootTests */ = {
			isa = PBXNativeTarget;
			buildConfigurationList = D231AD271AC2631900CFDB50 /* Build configuration list for PBXNativeTarget "photoshootTests" */;
			buildPhases = (
				D231AD161AC2631900CFDB50 /* Sources */,
				D231AD171AC2631900CFDB50 /* Frameworks */,
				D231AD181AC2631900CFDB50 /* Resources */,
			);
			buildRules = (
			);
			dependencies = (
				D231AD1C1AC2631900CFDB50 /* PBXTargetDependency */,
			);
			name = photoshootTests;
			productName = photoshootTests;
			productReference = D231AD1A1AC2631900CFDB50 /* photoshootTests.xctest */;
			productType = "com.apple.product-type.bundle.unit-test";
		};
/* End PBXNativeTarget section */

/* Begin PBXProject section */
		D231ACF91AC2631900CFDB50 /* Project object */ = {
			isa = PBXProject;
			attributes = {
				LastUpgradeCheck = 0610;
				ORGANIZATIONNAME = "K.Yawn Xoan";
				TargetAttributes = {
					D231AD001AC2631900CFDB50 = {
						CreatedOnToolsVersion = 6.1.1;
					};
					D231AD191AC2631900CFDB50 = {
						CreatedOnToolsVersion = 6.1.1;
						TestTargetID = D231AD001AC2631900CFDB50;
					};
				};
			};
			buildConfigurationList = D231ACFC1AC2631900CFDB50 /* Build configuration list for PBXProject "photoshoot" */;
			compatibilityVersion = "Xcode 3.2";
			developmentRegion = English;
			hasScannedForEncodings = 0;
			knownRegions = (
				en,
				Base,
			);
			mainGroup = D231ACF81AC2631900CFDB50;
			productRefGroup = D231AD021AC2631900CFDB50 /* Products */;
			projectDirPath = "";
			projectRoot = "";
			targets = (
				D231AD001AC2631900CFDB50 /* photoshoot */,
				D231AD191AC2631900CFDB50 /* photoshootTests */,
			);
		};
/* End PBXProject section */

/* Begin PBXResourcesBuildPhase section */
		D231ACFF1AC2631900CFDB50 /* Resources */ = {
			isa = PBXResourcesBuildPhase;
			buildActionMask = 2147483647;
			files = (
				D231AD101AC2631900CFDB50 /* Main.storyboard in Resources */,
				D231AD151AC2631900CFDB50 /* LaunchScreen.xib in Resources */,
				D231AD121AC2631900CFDB50 /* Images.xcassets in Resources */,
			);
			runOnlyForDeploymentPostprocessing = 0;
		};
		D231AD181AC2631900CFDB50 /* Resources */ = {
			isa = PBXResourcesBuildPhase;
			buildActionMask = 2147483647;
			files = (
			);
			runOnlyForDeploymentPostprocessing = 0;
		};
/* End PBXResourcesBuildPhase section */

/* Begin PBXSourcesBuildPhase section */
		D231ACFD1AC2631900CFDB50 /* Sources */ = {
			isa = PBXSourcesBuildPhase;
			buildActionMask = 2147483647;
			files = (
				D231AD0D1AC2631900CFDB50 /* ViewController.m in Sources */,
				D231AD0A1AC2631900CFDB50 /* AppDelegate.m in Sources */,
				D231AD071AC2631900CFDB50 /* main.m in Sources */,
			);
			runOnlyForDeploymentPostprocessing = 0;
		};
		D231AD161AC2631900CFDB50 /* Sources */ = {
			isa = PBXSourcesBuildPhase;
			buildActionMask = 2147483647;
			files = (
				D231AD211AC2631900CFDB50 /* photoshootTests.m in Sources */,
			);
			runOnlyForDeploymentPostprocessing = 0;
		};
/* End PBXSourcesBuildPhase section */

/* Begin PBXTargetDependency section */
		D231AD1C1AC2631900CFDB50 /* PBXTargetDependency */ = {
			isa = PBXTargetDependency;
			target = D231AD001AC2631900CFDB50 /* photoshoot */;
			targetProxy = D231AD1B1AC2631900CFDB50 /* PBXContainerItemProxy */;
		};
/* End PBXTargetDependency section */

/* Begin PBXVariantGroup section */
		D231AD0E1AC2631900CFDB50 /* Main.storyboard */ = {
			isa = PBXVariantGroup;
			children = (
				D231AD0F1AC2631900CFDB50 /* Base */,
			);
			name = Main.storyboard;
			sourceTree = "<group>";
		};
		D231AD131AC2631900CFDB50 /* LaunchScreen.xib */ = {
			isa = PBXVariantGroup;
			children = (
				D231AD141AC2631900CFDB50 /* Base */,
			);
			name = LaunchScreen.xib;
			sourceTree = "<group>";
		};
/* End PBXVariantGroup section */

/* Begin XCBuildConfiguration section */
		D231AD221AC2631900CFDB50 /* Debug */ = {
			isa = XCBuildConfiguration;
			buildSettings = {
				ALWAYS_SEARCH_USER_PATHS = NO;
				CLANG_CXX_LANGUAGE_STANDARD = "gnu++0x";
				CLANG_CXX_LIBRARY = "libc++";
				CLANG_ENABLE_MODULES = YES;
				CLANG_ENABLE_OBJC_ARC = YES;
				CLANG_WARN_BOOL_CONVERSION = YES;
				CLANG_WARN_CONSTANT_CONVERSION = YES;
				CLANG_WARN_DIRECT_OBJC_ISA_USAGE = YES_ERROR;
				CLANG_WARN_EMPTY_BODY = YES;
				CLANG_WARN_ENUM_CONVERSION = YES;
				CLANG_WARN_INT_CONVERSION = YES;
				CLANG_WARN_OBJC_ROOT_CLASS = YES_ERROR;
				CLANG_WARN_UNREACHABLE_CODE = YES;
				CLANG_WARN__DUPLICATE_METHOD_MATCH = YES;
				"CODE_SIGN_IDENTITY[sdk=iphoneos*]" = "iPhone Developer";
				COPY_PHASE_STRIP = NO;
				ENABLE_STRICT_OBJC_MSGSEND = YES;
				GCC_C_LANGUAGE_STANDARD = gnu99;
				GCC_DYNAMIC_NO_PIC = NO;
				GCC_OPTIMIZATION_LEVEL = 0;
				GCC_PREPROCESSOR_DEFINITIONS = (
					"DEBUG=1",
					"$(inherited)",
				);
				GCC_SYMBOLS_PRIVATE_EXTERN = NO;
				GCC_WARN_64_TO_32_BIT_CONVERSION = YES;
				GCC_WARN_ABOUT_RETURN_TYPE = YES_ERROR;
				GCC_WARN_UNDECLARED_SELECTOR = YES;
				GCC_WARN_UNINITIALIZED_AUTOS = YES_AGGRESSIVE;
				GCC_WARN_UNUSED_FUNCTION = YES;
				GCC_WARN_UNUSED_VARIABLE = YES;
				IPHONEOS_DEPLOYMENT_TARGET = 8.1;
				MTL_ENABLE_DEBUG_INFO = YES;
				ONLY_ACTIVE_ARCH = YES;
				SDKROOT = iphoneos;
			};
			name = Debug;
		};
		D231AD231AC2631900CFDB50 /* Release */ = {
			isa = XCBuildConfiguration;
			buildSettings = {
				ALWAYS_SEARCH_USER_PATHS = NO;
				CLANG_CXX_LANGUAGE_STANDARD = "gnu++0x";
				CLANG_CXX_LIBRARY = "libc++";
				CLANG_ENABLE_MODULES = YES;
				CLANG_ENABLE_OBJC_ARC = YES;
				CLANG_WARN_BOOL_CONVERSION = YES;
				CLANG_WARN_CONSTANT_CONVERSION = YES;
				CLANG_WARN_DIRECT_OBJC_ISA_USAGE = YES_ERROR;
				CLANG_WARN_EMPTY_BODY = YES;
				CLANG_WARN_ENUM_CONVERSION = YES;
				CLANG_WARN_INT_CONVERSION = YES;
				CLANG_WARN_OBJC_ROOT_CLASS = YES_ERROR;
				CLANG_WARN_UNREACHABLE_CODE = YES;
				CLANG_WARN__DUPLICATE_METHOD_MATCH = YES;
				"CODE_SIGN_IDENTITY[sdk=iphoneos*]" = "iPhone Developer";
				COPY_PHASE_STRIP = YES;
				ENABLE_NS_ASSERTIONS = NO;
				ENABLE_STRICT_OBJC_MSGSEND = YES;
				GCC_C_LANGUAGE_STANDARD = gnu99;
				GCC_WARN_64_TO_32_BIT_CONVERSION = YES;
				GCC_WARN_ABOUT_RETURN_TYPE = YES_ERROR;
				GCC_WARN_UNDECLARED_SELECTOR = YES;
				GCC_WARN_UNINITIALIZED_AUTOS = YES_AGGRESSIVE;
				GCC_WARN_UNUSED_FUNCTION = YES;
				GCC_WARN_UNUSED_VARIABLE = YES;
				IPHONEOS_DEPLOYMENT_TARGET = 8.1;
				MTL_ENABLE_DEBUG_INFO = NO;
				SDKROOT = iphoneos;
				VALIDATE_PRODUCT = YES;
			};
			name = Release;
		};
		D231AD251AC2631900CFDB50 /* Debug */ = {
			isa = XCBuildConfiguration;
			buildSettings = {
				ASSETCATALOG_COMPILER_APPICON_NAME = AppIcon;
				INFOPLIST_FILE = photoshoot/Info.plist;
				LD_RUNPATH_SEARCH_PATHS = "$(inherited) @executable_path/Frameworks";
				PRODUCT_NAME = "$(TARGET_NAME)";
			};
			name = Debug;
		};
		D231AD261AC2631900CFDB50 /* Release */ = {
			isa = XCBuildConfiguration;
			buildSettings = {
				ASSETCATALOG_COMPILER_APPICON_NAME = AppIcon;
				INFOPLIST_FILE = photoshoot/Info.plist;
				LD_RUNPATH_SEARCH_PATHS = "$(inherited) @executable_path/Frameworks";
				PRODUCT_NAME = "$(TARGET_NAME)";
			};
			name = Release;
		};
		D231AD281AC2631900CFDB50 /* Debug */ = {
			isa = XCBuildConfiguration;
			buildSettings = {
				BUNDLE_LOADER = "$(TEST_HOST)";
				FRAMEWORK_SEARCH_PATHS = (
					"$(SDKROOT)/Developer/Library/Frameworks",
					"$(inherited)",
				);
				GCC_PREPROCESSOR_DEFINITIONS = (
					"DEBUG=1",
					"$(inherited)",
				);
				INFOPLIST_FILE = photoshootTests/Info.plist;
				LD_RUNPATH_SEARCH_PATHS = "$(inherited) @executable_path/Frameworks @loader_path/Frameworks";
				PRODUCT_NAME = "$(TARGET_NAME)";
				TEST_HOST = "$(BUILT_PRODUCTS_DIR)/photoshoot.app/photoshoot";
			};
			name = Debug;
		};
		D231AD291AC2631900CFDB50 /* Release */ = {
			isa = XCBuildConfiguration;
			buildSettings = {
				BUNDLE_LOADER = "$(TEST_HOST)";
				FRAMEWORK_SEARCH_PATHS = (
					"$(SDKROOT)/Developer/Library/Frameworks",
					"$(inherited)",
				);
				INFOPLIST_FILE = photoshootTests/Info.plist;
				LD_RUNPATH_SEARCH_PATHS = "$(inherited) @executable_path/Frameworks @loader_path/Frameworks";
				PRODUCT_NAME = "$(TARGET_NAME)";
				TEST_HOST = "$(BUILT_PRODUCTS_DIR)/photoshoot.app/photoshoot";
			};
			name = Release;
		};
/* End XCBuildConfiguration section */

/* Begin XCConfigurationList section */
		D231ACFC1AC2631900CFDB50 /* Build configuration list for PBXProject "photoshoot" */ = {
			isa = XCConfigurationList;
			buildConfigurations = (
				D231AD221AC2631900CFDB50 /* Debug */,
				D231AD231AC2631900CFDB50 /* Release */,
			);
			defaultConfigurationIsVisible = 0;
			defaultConfigurationName = Release;
		};
		D231AD241AC2631900CFDB50 /* Build configuration list for PBXNativeTarget "photoshoot" */ = {
			isa = XCConfigurationList;
			buildConfigurations = (
				D231AD251AC2631900CFDB50 /* Debug */,
				D231AD261AC2631900CFDB50 /* Release */,
			);
			defaultConfigurationIsVisible = 0;
		};
		D231AD271AC2631900CFDB50 /* Build configuration list for PBXNativeTarget "photoshootTests" */ = {
			isa = XCConfigurationList;
			buildConfigurations = (
				D231AD281AC2631900CFDB50 /* Debug */,
				D231AD291AC2631900CFDB50 /* Release */,
			);
			defaultConfigurationIsVisible = 0;
		};
/* End XCConfigurationList section */
	};
	rootObject = D231ACF91AC2631900CFDB50 /* Project object */;
}
