// !$*UTF8*$!
{
	archiveVersion = 1;
	classes = {
	};
	objectVersion = 46;
	objects = {

/* Begin PBXBuildFile section */
		D231ACA71AC24D1B00CFDB50 /* main.m in Sources */ = {isa = PBXBuildFile; fileRef = D231ACA61AC24D1B00CFDB50 /* main.m */; };
		D231ACAA1AC24D1B00CFDB50 /* AppDelegate.m in Sources */ = {isa = PBXBuildFile; fileRef = D231ACA91AC24D1B00CFDB50 /* AppDelegate.m */; };
		D231ACAD1AC24D1B00CFDB50 /* ViewController.m in Sources */ = {isa = PBXBuildFile; fileRef = D231ACAC1AC24D1B00CFDB50 /* ViewController.m */; };
		D231ACB01AC24D1B00CFDB50 /* Main.storyboard in Resources */ = {isa = PBXBuildFile; fileRef = D231ACAE1AC24D1B00CFDB50 /* Main.storyboard */; };
		D231ACB21AC24D1B00CFDB50 /* Images.xcassets in Resources */ = {isa = PBXBuildFile; fileRef = D231ACB11AC24D1B00CFDB50 /* Images.xcassets */; };
		D231ACB51AC24D1B00CFDB50 /* LaunchScreen.xib in Resources */ = {isa = PBXBuildFile; fileRef = D231ACB31AC24D1B00CFDB50 /* LaunchScreen.xib */; };
		D231ACC11AC24D1B00CFDB50 /* CameraTests.m in Sources */ = {isa = PBXBuildFile; fileRef = D231ACC01AC24D1B00CFDB50 /* CameraTests.m */; };
/* End PBXBuildFile section */

/* Begin PBXContainerItemProxy section */
		D231ACBB1AC24D1B00CFDB50 /* PBXContainerItemProxy */ = {
			isa = PBXContainerItemProxy;
			containerPortal = D231AC991AC24D1B00CFDB50 /* Project object */;
			proxyType = 1;
			remoteGlobalIDString = D231ACA01AC24D1B00CFDB50;
			remoteInfo = Camera;
		};
/* End PBXContainerItemProxy section */

/* Begin PBXFileReference section */
		D231ACA11AC24D1B00CFDB50 /* Camera.app */ = {isa = PBXFileReference; explicitFileType = wrapper.application; includeInIndex = 0; path = Camera.app; sourceTree = BUILT_PRODUCTS_DIR; };
		D231ACA51AC24D1B00CFDB50 /* Info.plist */ = {isa = PBXFileReference; lastKnownFileType = text.plist.xml; path = Info.plist; sourceTree = "<group>"; };
		D231ACA61AC24D1B00CFDB50 /* main.m */ = {isa = PBXFileReference; lastKnownFileType = sourcecode.c.objc; path = main.m; sourceTree = "<group>"; };
		D231ACA81AC24D1B00CFDB50 /* AppDelegate.h */ = {isa = PBXFileReference; lastKnownFileType = sourcecode.c.h; path = AppDelegate.h; sourceTree = "<group>"; };
		D231ACA91AC24D1B00CFDB50 /* AppDelegate.m */ = {isa = PBXFileReference; lastKnownFileType = sourcecode.c.objc; path = AppDelegate.m; sourceTree = "<group>"; };
		D231ACAB1AC24D1B00CFDB50 /* ViewController.h */ = {isa = PBXFileReference; lastKnownFileType = sourcecode.c.h; path = ViewController.h; sourceTree = "<group>"; };
		D231ACAC1AC24D1B00CFDB50 /* ViewController.m */ = {isa = PBXFileReference; lastKnownFileType = sourcecode.c.objc; path = ViewController.m; sourceTree = "<group>"; };
		D231ACAF1AC24D1B00CFDB50 /* Base */ = {isa = PBXFileReference; lastKnownFileType = file.storyboard; name = Base; path = Base.lproj/Main.storyboard; sourceTree = "<group>"; };
		D231ACB11AC24D1B00CFDB50 /* Images.xcassets */ = {isa = PBXFileReference; lastKnownFileType = folder.assetcatalog; path = Images.xcassets; sourceTree = "<group>"; };
		D231ACB41AC24D1B00CFDB50 /* Base */ = {isa = PBXFileReference; lastKnownFileType = file.xib; name = Base; path = Base.lproj/LaunchScreen.xib; sourceTree = "<group>"; };
		D231ACBA1AC24D1B00CFDB50 /* CameraTests.xctest */ = {isa = PBXFileReference; explicitFileType = wrapper.cfbundle; includeInIndex = 0; path = CameraTests.xctest; sourceTree = BUILT_PRODUCTS_DIR; };
		D231ACBF1AC24D1B00CFDB50 /* Info.plist */ = {isa = PBXFileReference; lastKnownFileType = text.plist.xml; path = Info.plist; sourceTree = "<group>"; };
		D231ACC01AC24D1B00CFDB50 /* CameraTests.m */ = {isa = PBXFileReference; lastKnownFileType = sourcecode.c.objc; path = CameraTests.m; sourceTree = "<group>"; };
/* End PBXFileReference section */

/* Begin PBXFrameworksBuildPhase section */
		D231AC9E1AC24D1B00CFDB50 /* Frameworks */ = {
			isa = PBXFrameworksBuildPhase;
			buildActionMask = 2147483647;
			files = (
			);
			runOnlyForDeploymentPostprocessing = 0;
		};
		D231ACB71AC24D1B00CFDB50 /* Frameworks */ = {
			isa = PBXFrameworksBuildPhase;
			buildActionMask = 2147483647;
			files = (
			);
			runOnlyForDeploymentPostprocessing = 0;
		};
/* End PBXFrameworksBuildPhase section */

/* Begin PBXGroup section */
		D231AC981AC24D1B00CFDB50 = {
			isa = PBXGroup;
			children = (
				D231ACA31AC24D1B00CFDB50 /* Camera */,
				D231ACBD1AC24D1B00CFDB50 /* CameraTests */,
				D231ACA21AC24D1B00CFDB50 /* Products */,
			);
			sourceTree = "<group>";
		};
		D231ACA21AC24D1B00CFDB50 /* Products */ = {
			isa = PBXGroup;
			children = (
				D231ACA11AC24D1B00CFDB50 /* Camera.app */,
				D231ACBA1AC24D1B00CFDB50 /* CameraTests.xctest */,
			);
			name = Products;
			sourceTree = "<group>";
		};
		D231ACA31AC24D1B00CFDB50 /* Camera */ = {
			isa = PBXGroup;
			children = (
				D231ACA81AC24D1B00CFDB50 /* AppDelegate.h */,
				D231ACA91AC24D1B00CFDB50 /* AppDelegate.m */,
				D231ACAB1AC24D1B00CFDB50 /* ViewController.h */,
				D231ACAC1AC24D1B00CFDB50 /* ViewController.m */,
				D231ACAE1AC24D1B00CFDB50 /* Main.storyboard */,
				D231ACB11AC24D1B00CFDB50 /* Images.xcassets */,
				D231ACB31AC24D1B00CFDB50 /* LaunchScreen.xib */,
				D231ACA41AC24D1B00CFDB50 /* Supporting Files */,
			);
			path = Camera;
			sourceTree = "<group>";
		};
		D231ACA41AC24D1B00CFDB50 /* Supporting Files */ = {
			isa = PBXGroup;
			children = (
				D231ACA51AC24D1B00CFDB50 /* Info.plist */,
				D231ACA61AC24D1B00CFDB50 /* main.m */,
			);
			name = "Supporting Files";
			sourceTree = "<group>";
		};
		D231ACBD1AC24D1B00CFDB50 /* CameraTests */ = {
			isa = PBXGroup;
			children = (
				D231ACC01AC24D1B00CFDB50 /* CameraTests.m */,
				D231ACBE1AC24D1B00CFDB50 /* Supporting Files */,
			);
			path = CameraTests;
			sourceTree = "<group>";
		};
		D231ACBE1AC24D1B00CFDB50 /* Supporting Files */ = {
			isa = PBXGroup;
			children = (
				D231ACBF1AC24D1B00CFDB50 /* Info.plist */,
			);
			name = "Supporting Files";
			sourceTree = "<group>";
		};
/* End PBXGroup section */

/* Begin PBXNativeTarget section */
		D231ACA01AC24D1B00CFDB50 /* Camera */ = {
			isa = PBXNativeTarget;
			buildConfigurationList = D231ACC41AC24D1B00CFDB50 /* Build configuration list for PBXNativeTarget "Camera" */;
			buildPhases = (
				D231AC9D1AC24D1B00CFDB50 /* Sources */,
				D231AC9E1AC24D1B00CFDB50 /* Frameworks */,
				D231AC9F1AC24D1B00CFDB50 /* Resources */,
			);
			buildRules = (
			);
			dependencies = (
			);
			name = Camera;
			productName = Camera;
			productReference = D231ACA11AC24D1B00CFDB50 /* Camera.app */;
			productType = "com.apple.product-type.application";
		};
		D231ACB91AC24D1B00CFDB50 /* CameraTests */ = {
			isa = PBXNativeTarget;
			buildConfigurationList = D231ACC71AC24D1B00CFDB50 /* Build configuration list for PBXNativeTarget "CameraTests" */;
			buildPhases = (
				D231ACB61AC24D1B00CFDB50 /* Sources */,
				D231ACB71AC24D1B00CFDB50 /* Frameworks */,
				D231ACB81AC24D1B00CFDB50 /* Resources */,
			);
			buildRules = (
			);
			dependencies = (
				D231ACBC1AC24D1B00CFDB50 /* PBXTargetDependency */,
			);
			name = CameraTests;
			productName = CameraTests;
			productReference = D231ACBA1AC24D1B00CFDB50 /* CameraTests.xctest */;
			productType = "com.apple.product-type.bundle.unit-test";
		};
/* End PBXNativeTarget section */

/* Begin PBXProject section */
		D231AC991AC24D1B00CFDB50 /* Project object */ = {
			isa = PBXProject;
			attributes = {
				LastUpgradeCheck = 0610;
				ORGANIZATIONNAME = "K.Yawn Xoan";
				TargetAttributes = {
					D231ACA01AC24D1B00CFDB50 = {
						CreatedOnToolsVersion = 6.1.1;
					};
					D231ACB91AC24D1B00CFDB50 = {
						CreatedOnToolsVersion = 6.1.1;
						TestTargetID = D231ACA01AC24D1B00CFDB50;
					};
				};
			};
			buildConfigurationList = D231AC9C1AC24D1B00CFDB50 /* Build configuration list for PBXProject "Camera" */;
			compatibilityVersion = "Xcode 3.2";
			developmentRegion = English;
			hasScannedForEncodings = 0;
			knownRegions = (
				en,
				Base,
			);
			mainGroup = D231AC981AC24D1B00CFDB50;
			productRefGroup = D231ACA21AC24D1B00CFDB50 /* Products */;
			projectDirPath = "";
			projectRoot = "";
			targets = (
				D231ACA01AC24D1B00CFDB50 /* Camera */,
				D231ACB91AC24D1B00CFDB50 /* CameraTests */,
			);
		};
/* End PBXProject section */

/* Begin PBXResourcesBuildPhase section */
		D231AC9F1AC24D1B00CFDB50 /* Resources */ = {
			isa = PBXResourcesBuildPhase;
			buildActionMask = 2147483647;
			files = (
				D231ACB01AC24D1B00CFDB50 /* Main.storyboard in Resources */,
				D231ACB51AC24D1B00CFDB50 /* LaunchScreen.xib in Resources */,
				D231ACB21AC24D1B00CFDB50 /* Images.xcassets in Resources */,
			);
			runOnlyForDeploymentPostprocessing = 0;
		};
		D231ACB81AC24D1B00CFDB50 /* Resources */ = {
			isa = PBXResourcesBuildPhase;
			buildActionMask = 2147483647;
			files = (
			);
			runOnlyForDeploymentPostprocessing = 0;
		};
/* End PBXResourcesBuildPhase section */

/* Begin PBXSourcesBuildPhase section */
		D231AC9D1AC24D1B00CFDB50 /* Sources */ = {
			isa = PBXSourcesBuildPhase;
			buildActionMask = 2147483647;
			files = (
				D231ACAD1AC24D1B00CFDB50 /* ViewController.m in Sources */,
				D231ACAA1AC24D1B00CFDB50 /* AppDelegate.m in Sources */,
				D231ACA71AC24D1B00CFDB50 /* main.m in Sources */,
			);
			runOnlyForDeploymentPostprocessing = 0;
		};
		D231ACB61AC24D1B00CFDB50 /* Sources */ = {
			isa = PBXSourcesBuildPhase;
			buildActionMask = 2147483647;
			files = (
				D231ACC11AC24D1B00CFDB50 /* CameraTests.m in Sources */,
			);
			runOnlyForDeploymentPostprocessing = 0;
		};
/* End PBXSourcesBuildPhase section */

/* Begin PBXTargetDependency section */
		D231ACBC1AC24D1B00CFDB50 /* PBXTargetDependency */ = {
			isa = PBXTargetDependency;
			target = D231ACA01AC24D1B00CFDB50 /* Camera */;
			targetProxy = D231ACBB1AC24D1B00CFDB50 /* PBXContainerItemProxy */;
		};
/* End PBXTargetDependency section */

/* Begin PBXVariantGroup section */
		D231ACAE1AC24D1B00CFDB50 /* Main.storyboard */ = {
			isa = PBXVariantGroup;
			children = (
				D231ACAF1AC24D1B00CFDB50 /* Base */,
			);
			name = Main.storyboard;
			sourceTree = "<group>";
		};
		D231ACB31AC24D1B00CFDB50 /* LaunchScreen.xib */ = {
			isa = PBXVariantGroup;
			children = (
				D231ACB41AC24D1B00CFDB50 /* Base */,
			);
			name = LaunchScreen.xib;
			sourceTree = "<group>";
		};
/* End PBXVariantGroup section */

/* Begin XCBuildConfiguration section */
		D231ACC21AC24D1B00CFDB50 /* Debug */ = {
			isa = XCBuildConfiguration;
			buildSettings = {
				ALWAYS_SEARCH_USER_PATHS = NO;
				CLANG_CXX_LANGUAGE_STANDARD = "gnu++0x";
				CLANG_CXX_LIBRARY = "libc++";
				CLANG_ENABLE_MODULES = YES;
				CLANG_ENABLE_OBJC_ARC = YES;
				CLANG_WARN_BOOL_CONVERSION = YES;
				CLANG_WARN_CONSTANT_CONVERSION = YES;
				CLANG_WARN_DIRECT_OBJC_ISA_USAGE = YES_ERROR;
				CLANG_WARN_EMPTY_BODY = YES;
				CLANG_WARN_ENUM_CONVERSION = YES;
				CLANG_WARN_INT_CONVERSION = YES;
				CLANG_WARN_OBJC_ROOT_CLASS = YES_ERROR;
				CLANG_WARN_UNREACHABLE_CODE = YES;
				CLANG_WARN__DUPLICATE_METHOD_MATCH = YES;
				"CODE_SIGN_IDENTITY[sdk=iphoneos*]" = "iPhone Developer";
				COPY_PHASE_STRIP = NO;
				ENABLE_STRICT_OBJC_MSGSEND = YES;
				GCC_C_LANGUAGE_STANDARD = gnu99;
				GCC_DYNAMIC_NO_PIC = NO;
				GCC_OPTIMIZATION_LEVEL = 0;
				GCC_PREPROCESSOR_DEFINITIONS = (
					"DEBUG=1",
					"$(inherited)",
				);
				GCC_SYMBOLS_PRIVATE_EXTERN = NO;
				GCC_WARN_64_TO_32_BIT_CONVERSION = YES;
				GCC_WARN_ABOUT_RETURN_TYPE = YES_ERROR;
				GCC_WARN_UNDECLARED_SELECTOR = YES;
				GCC_WARN_UNINITIALIZED_AUTOS = YES_AGGRESSIVE;
				GCC_WARN_UNUSED_FUNCTION = YES;
				GCC_WARN_UNUSED_VARIABLE = YES;
				IPHONEOS_DEPLOYMENT_TARGET = 8.1;
				MTL_ENABLE_DEBUG_INFO = YES;
				ONLY_ACTIVE_ARCH = YES;
				SDKROOT = iphoneos;
			};
			name = Debug;
		};
		D231ACC31AC24D1B00CFDB50 /* Release */ = {
			isa = XCBuildConfiguration;
			buildSettings = {
				ALWAYS_SEARCH_USER_PATHS = NO;
				CLANG_CXX_LANGUAGE_STANDARD = "gnu++0x";
				CLANG_CXX_LIBRARY = "libc++";
				CLANG_ENABLE_MODULES = YES;
				CLANG_ENABLE_OBJC_ARC = YES;
				CLANG_WARN_BOOL_CONVERSION = YES;
				CLANG_WARN_CONSTANT_CONVERSION = YES;
				CLANG_WARN_DIRECT_OBJC_ISA_USAGE = YES_ERROR;
				CLANG_WARN_EMPTY_BODY = YES;
				CLANG_WARN_ENUM_CONVERSION = YES;
				CLANG_WARN_INT_CONVERSION = YES;
				CLANG_WARN_OBJC_ROOT_CLASS = YES_ERROR;
				CLANG_WARN_UNREACHABLE_CODE = YES;
				CLANG_WARN__DUPLICATE_METHOD_MATCH = YES;
				"CODE_SIGN_IDENTITY[sdk=iphoneos*]" = "iPhone Developer";
				COPY_PHASE_STRIP = YES;
				ENABLE_NS_ASSERTIONS = NO;
				ENABLE_STRICT_OBJC_MSGSEND = YES;
				GCC_C_LANGUAGE_STANDARD = gnu99;
				GCC_WARN_64_TO_32_BIT_CONVERSION = YES;
				GCC_WARN_ABOUT_RETURN_TYPE = YES_ERROR;
				GCC_WARN_UNDECLARED_SELECTOR = YES;
				GCC_WARN_UNINITIALIZED_AUTOS = YES_AGGRESSIVE;
				GCC_WARN_UNUSED_FUNCTION = YES;
				GCC_WARN_UNUSED_VARIABLE = YES;
				IPHONEOS_DEPLOYMENT_TARGET = 8.1;
				MTL_ENABLE_DEBUG_INFO = NO;
				SDKROOT = iphoneos;
				VALIDATE_PRODUCT = YES;
			};
			name = Release;
		};
		D231ACC51AC24D1B00CFDB50 /* Debug */ = {
			isa = XCBuildConfiguration;
			buildSettings = {
				ASSETCATALOG_COMPILER_APPICON_NAME = AppIcon;
				INFOPLIST_FILE = Camera/Info.plist;
				LD_RUNPATH_SEARCH_PATHS = "$(inherited) @executable_path/Frameworks";
				PRODUCT_NAME = "$(TARGET_NAME)";
			};
			name = Debug;
		};
		D231ACC61AC24D1B00CFDB50 /* Release */ = {
			isa = XCBuildConfiguration;
			buildSettings = {
				ASSETCATALOG_COMPILER_APPICON_NAME = AppIcon;
				INFOPLIST_FILE = Camera/Info.plist;
				LD_RUNPATH_SEARCH_PATHS = "$(inherited) @executable_path/Frameworks";
				PRODUCT_NAME = "$(TARGET_NAME)";
			};
			name = Release;
		};
		D231ACC81AC24D1B00CFDB50 /* Debug */ = {
			isa = XCBuildConfiguration;
			buildSettings = {
				BUNDLE_LOADER = "$(TEST_HOST)";
				FRAMEWORK_SEARCH_PATHS = (
					"$(SDKROOT)/Developer/Library/Frameworks",
					"$(inherited)",
				);
				GCC_PREPROCESSOR_DEFINITIONS = (
					"DEBUG=1",
					"$(inherited)",
				);
				INFOPLIST_FILE = CameraTests/Info.plist;
				LD_RUNPATH_SEARCH_PATHS = "$(inherited) @executable_path/Frameworks @loader_path/Frameworks";
				PRODUCT_NAME = "$(TARGET_NAME)";
				TEST_HOST = "$(BUILT_PRODUCTS_DIR)/Camera.app/Camera";
			};
			name = Debug;
		};
		D231ACC91AC24D1B00CFDB50 /* Release */ = {
			isa = XCBuildConfiguration;
			buildSettings = {
				BUNDLE_LOADER = "$(TEST_HOST)";
				FRAMEWORK_SEARCH_PATHS = (
					"$(SDKROOT)/Developer/Library/Frameworks",
					"$(inherited)",
				);
				INFOPLIST_FILE = CameraTests/Info.plist;
				LD_RUNPATH_SEARCH_PATHS = "$(inherited) @executable_path/Frameworks @loader_path/Frameworks";
				PRODUCT_NAME = "$(TARGET_NAME)";
				TEST_HOST = "$(BUILT_PRODUCTS_DIR)/Camera.app/Camera";
			};
			name = Release;
		};
/* End XCBuildConfiguration section */

/* Begin XCConfigurationList section */
		D231AC9C1AC24D1B00CFDB50 /* Build configuration list for PBXProject "Camera" */ = {
			isa = XCConfigurationList;
			buildConfigurations = (
				D231ACC21AC24D1B00CFDB50 /* Debug */,
				D231ACC31AC24D1B00CFDB50 /* Release */,
			);
			defaultConfigurationIsVisible = 0;
			defaultConfigurationName = Release;
		};
		D231ACC41AC24D1B00CFDB50 /* Build configuration list for PBXNativeTarget "Camera" */ = {
			isa = XCConfigurationList;
			buildConfigurations = (
				D231ACC51AC24D1B00CFDB50 /* Debug */,
				D231ACC61AC24D1B00CFDB50 /* Release */,
			);
			defaultConfigurationIsVisible = 0;
		};
		D231ACC71AC24D1B00CFDB50 /* Build configuration list for PBXNativeTarget "CameraTests" */ = {
			isa = XCConfigurationList;
			buildConfigurations = (
				D231ACC81AC24D1B00CFDB50 /* Debug */,
				D231ACC91AC24D1B00CFDB50 /* Release */,
			);
			defaultConfigurationIsVisible = 0;
		};
/* End XCConfigurationList section */
	};
	rootObject = D231AC991AC24D1B00CFDB50 /* Project object */;
}
