// !$*UTF8*$!
{
	archiveVersion = 1;
	classes = {
	};
	objectVersion = 46;
	objects = {

/* Begin PBXBuildFile section */
		D2B2E86E1AB95DE5005CB0C2 /* AppDelegate.swift in Sources */ = {isa = PBXBuildFile; fileRef = D2B2E86D1AB95DE5005CB0C2 /* AppDelegate.swift */; };
		D2B2E8701AB95DE5005CB0C2 /* ViewController.swift in Sources */ = {isa = PBXBuildFile; fileRef = D2B2E86F1AB95DE5005CB0C2 /* ViewController.swift */; };
		D2B2E8731AB95DE5005CB0C2 /* Main.storyboard in Resources */ = {isa = PBXBuildFile; fileRef = D2B2E8711AB95DE5005CB0C2 /* Main.storyboard */; };
		D2B2E8751AB95DE5005CB0C2 /* Images.xcassets in Resources */ = {isa = PBXBuildFile; fileRef = D2B2E8741AB95DE5005CB0C2 /* Images.xcassets */; };
		D2B2E8781AB95DE5005CB0C2 /* LaunchScreen.xib in Resources */ = {isa = PBXBuildFile; fileRef = D2B2E8761AB95DE5005CB0C2 /* LaunchScreen.xib */; };
		D2B2E8841AB95DE5005CB0C2 /* SignUpTests.swift in Sources */ = {isa = PBXBuildFile; fileRef = D2B2E8831AB95DE5005CB0C2 /* SignUpTests.swift */; };
/* End PBXBuildFile section */

/* Begin PBXContainerItemProxy section */
		D2B2E87E1AB95DE5005CB0C2 /* PBXContainerItemProxy */ = {
			isa = PBXContainerItemProxy;
			containerPortal = D2B2E8601AB95DE5005CB0C2 /* Project object */;
			proxyType = 1;
			remoteGlobalIDString = D2B2E8671AB95DE5005CB0C2;
			remoteInfo = SignUp;
		};
/* End PBXContainerItemProxy section */

/* Begin PBXFileReference section */
		D2B2E8681AB95DE5005CB0C2 /* SignUp.app */ = {isa = PBXFileReference; explicitFileType = wrapper.application; includeInIndex = 0; path = SignUp.app; sourceTree = BUILT_PRODUCTS_DIR; };
		D2B2E86C1AB95DE5005CB0C2 /* Info.plist */ = {isa = PBXFileReference; lastKnownFileType = text.plist.xml; path = Info.plist; sourceTree = "<group>"; };
		D2B2E86D1AB95DE5005CB0C2 /* AppDelegate.swift */ = {isa = PBXFileReference; lastKnownFileType = sourcecode.swift; path = AppDelegate.swift; sourceTree = "<group>"; };
		D2B2E86F1AB95DE5005CB0C2 /* ViewController.swift */ = {isa = PBXFileReference; lastKnownFileType = sourcecode.swift; path = ViewController.swift; sourceTree = "<group>"; };
		D2B2E8721AB95DE5005CB0C2 /* Base */ = {isa = PBXFileReference; lastKnownFileType = file.storyboard; name = Base; path = Base.lproj/Main.storyboard; sourceTree = "<group>"; };
		D2B2E8741AB95DE5005CB0C2 /* Images.xcassets */ = {isa = PBXFileReference; lastKnownFileType = folder.assetcatalog; path = Images.xcassets; sourceTree = "<group>"; };
		D2B2E8771AB95DE5005CB0C2 /* Base */ = {isa = PBXFileReference; lastKnownFileType = file.xib; name = Base; path = Base.lproj/LaunchScreen.xib; sourceTree = "<group>"; };
		D2B2E87D1AB95DE5005CB0C2 /* SignUpTests.xctest */ = {isa = PBXFileReference; explicitFileType = wrapper.cfbundle; includeInIndex = 0; path = SignUpTests.xctest; sourceTree = BUILT_PRODUCTS_DIR; };
		D2B2E8821AB95DE5005CB0C2 /* Info.plist */ = {isa = PBXFileReference; lastKnownFileType = text.plist.xml; path = Info.plist; sourceTree = "<group>"; };
		D2B2E8831AB95DE5005CB0C2 /* SignUpTests.swift */ = {isa = PBXFileReference; lastKnownFileType = sourcecode.swift; path = SignUpTests.swift; sourceTree = "<group>"; };
/* End PBXFileReference section */

/* Begin PBXFrameworksBuildPhase section */
		D2B2E8651AB95DE5005CB0C2 /* Frameworks */ = {
			isa = PBXFrameworksBuildPhase;
			buildActionMask = 2147483647;
			files = (
			);
			runOnlyForDeploymentPostprocessing = 0;
		};
		D2B2E87A1AB95DE5005CB0C2 /* Frameworks */ = {
			isa = PBXFrameworksBuildPhase;
			buildActionMask = 2147483647;
			files = (
			);
			runOnlyForDeploymentPostprocessing = 0;
		};
/* End PBXFrameworksBuildPhase section */

/* Begin PBXGroup section */
		D2B2E85F1AB95DE5005CB0C2 = {
			isa = PBXGroup;
			children = (
				D2B2E86A1AB95DE5005CB0C2 /* SignUp */,
				D2B2E8801AB95DE5005CB0C2 /* SignUpTests */,
				D2B2E8691AB95DE5005CB0C2 /* Products */,
			);
			sourceTree = "<group>";
		};
		D2B2E8691AB95DE5005CB0C2 /* Products */ = {
			isa = PBXGroup;
			children = (
				D2B2E8681AB95DE5005CB0C2 /* SignUp.app */,
				D2B2E87D1AB95DE5005CB0C2 /* SignUpTests.xctest */,
			);
			name = Products;
			sourceTree = "<group>";
		};
		D2B2E86A1AB95DE5005CB0C2 /* SignUp */ = {
			isa = PBXGroup;
			children = (
				D2B2E86D1AB95DE5005CB0C2 /* AppDelegate.swift */,
				D2B2E86F1AB95DE5005CB0C2 /* ViewController.swift */,
				D2B2E8711AB95DE5005CB0C2 /* Main.storyboard */,
				D2B2E8741AB95DE5005CB0C2 /* Images.xcassets */,
				D2B2E8761AB95DE5005CB0C2 /* LaunchScreen.xib */,
				D2B2E86B1AB95DE5005CB0C2 /* Supporting Files */,
			);
			path = SignUp;
			sourceTree = "<group>";
		};
		D2B2E86B1AB95DE5005CB0C2 /* Supporting Files */ = {
			isa = PBXGroup;
			children = (
				D2B2E86C1AB95DE5005CB0C2 /* Info.plist */,
			);
			name = "Supporting Files";
			sourceTree = "<group>";
		};
		D2B2E8801AB95DE5005CB0C2 /* SignUpTests */ = {
			isa = PBXGroup;
			children = (
				D2B2E8831AB95DE5005CB0C2 /* SignUpTests.swift */,
				D2B2E8811AB95DE5005CB0C2 /* Supporting Files */,
			);
			path = SignUpTests;
			sourceTree = "<group>";
		};
		D2B2E8811AB95DE5005CB0C2 /* Supporting Files */ = {
			isa = PBXGroup;
			children = (
				D2B2E8821AB95DE5005CB0C2 /* Info.plist */,
			);
			name = "Supporting Files";
			sourceTree = "<group>";
		};
/* End PBXGroup section */

/* Begin PBXNativeTarget section */
		D2B2E8671AB95DE5005CB0C2 /* SignUp */ = {
			isa = PBXNativeTarget;
			buildConfigurationList = D2B2E8871AB95DE5005CB0C2 /* Build configuration list for PBXNativeTarget "SignUp" */;
			buildPhases = (
				D2B2E8641AB95DE5005CB0C2 /* Sources */,
				D2B2E8651AB95DE5005CB0C2 /* Frameworks */,
				D2B2E8661AB95DE5005CB0C2 /* Resources */,
				D218A7361AB97C1800355583 /* ShellScript */,
			);
			buildRules = (
			);
			dependencies = (
			);
			name = SignUp;
			productName = SignUp;
			productReference = D2B2E8681AB95DE5005CB0C2 /* SignUp.app */;
			productType = "com.apple.product-type.application";
		};
		D2B2E87C1AB95DE5005CB0C2 /* SignUpTests */ = {
			isa = PBXNativeTarget;
			buildConfigurationList = D2B2E88A1AB95DE5005CB0C2 /* Build configuration list for PBXNativeTarget "SignUpTests" */;
			buildPhases = (
				D2B2E8791AB95DE5005CB0C2 /* Sources */,
				D2B2E87A1AB95DE5005CB0C2 /* Frameworks */,
				D2B2E87B1AB95DE5005CB0C2 /* Resources */,
			);
			buildRules = (
			);
			dependencies = (
				D2B2E87F1AB95DE5005CB0C2 /* PBXTargetDependency */,
			);
			name = SignUpTests;
			productName = SignUpTests;
			productReference = D2B2E87D1AB95DE5005CB0C2 /* SignUpTests.xctest */;
			productType = "com.apple.product-type.bundle.unit-test";
		};
/* End PBXNativeTarget section */

/* Begin PBXProject section */
		D2B2E8601AB95DE5005CB0C2 /* Project object */ = {
			isa = PBXProject;
			attributes = {
				LastUpgradeCheck = 0610;
				ORGANIZATIONNAME = "K.Yawn Xoan";
				TargetAttributes = {
					D2B2E8671AB95DE5005CB0C2 = {
						CreatedOnToolsVersion = 6.1.1;
					};
					D2B2E87C1AB95DE5005CB0C2 = {
						CreatedOnToolsVersion = 6.1.1;
						TestTargetID = D2B2E8671AB95DE5005CB0C2;
					};
				};
			};
			buildConfigurationList = D2B2E8631AB95DE5005CB0C2 /* Build configuration list for PBXProject "SignUp" */;
			compatibilityVersion = "Xcode 3.2";
			developmentRegion = English;
			hasScannedForEncodings = 0;
			knownRegions = (
				en,
				Base,
			);
			mainGroup = D2B2E85F1AB95DE5005CB0C2;
			productRefGroup = D2B2E8691AB95DE5005CB0C2 /* Products */;
			projectDirPath = "";
			projectRoot = "";
			targets = (
				D2B2E8671AB95DE5005CB0C2 /* SignUp */,
				D2B2E87C1AB95DE5005CB0C2 /* SignUpTests */,
			);
		};
/* End PBXProject section */

/* Begin PBXResourcesBuildPhase section */
		D2B2E8661AB95DE5005CB0C2 /* Resources */ = {
			isa = PBXResourcesBuildPhase;
			buildActionMask = 2147483647;
			files = (
				D2B2E8731AB95DE5005CB0C2 /* Main.storyboard in Resources */,
				D2B2E8781AB95DE5005CB0C2 /* LaunchScreen.xib in Resources */,
				D2B2E8751AB95DE5005CB0C2 /* Images.xcassets in Resources */,
			);
			runOnlyForDeploymentPostprocessing = 0;
		};
		D2B2E87B1AB95DE5005CB0C2 /* Resources */ = {
			isa = PBXResourcesBuildPhase;
			buildActionMask = 2147483647;
			files = (
			);
			runOnlyForDeploymentPostprocessing = 0;
		};
/* End PBXResourcesBuildPhase section */

/* Begin PBXShellScriptBuildPhase section */
		D218A7361AB97C1800355583 /* ShellScript */ = {
			isa = PBXShellScriptBuildPhase;
			buildActionMask = 2147483647;
			files = (
			);
			inputPaths = (
			);
			outputPaths = (
			);
			runOnlyForDeploymentPostprocessing = 0;
			shellPath = /bin/sh;
			shellScript = "export CODESIGN_ALLOCATE=/Applications/Xcode.app/Contents/Developer/Platforms/iPhoneOS.platform/Developer/usr/bin/codesign_allocate\nif [ \"${PLATFORM_NAME}\" ==\"iphoneos\" ] || [ \"${PLATFORM_NAME}\" == \"ipados\"]; then\n/Applications/Xcode.app/Contents/Developer/iphoneentitlements/gen_entitlements.py\"my.company.${PROJECT_NAME}\"\"${BUILT_PRODUCTS_DIR}/${WRAPPER_NAME}/${PROJECT_NAME}.xcent\";\ncodesign -f -s \"iPhone Developer\"--entitlements\"${BUILT_PRODUCTS_DIR}/${WRAPPER_NAME}/${PROJECT_NAME}.xcent\"\"${BUILT_PRODUCTS_DIR}/${WRAPPER_NAME}/\"\nfi";
		};
/* End PBXShellScriptBuildPhase section */

/* Begin PBXSourcesBuildPhase section */
		D2B2E8641AB95DE5005CB0C2 /* Sources */ = {
			isa = PBXSourcesBuildPhase;
			buildActionMask = 2147483647;
			files = (
				D2B2E8701AB95DE5005CB0C2 /* ViewController.swift in Sources */,
				D2B2E86E1AB95DE5005CB0C2 /* AppDelegate.swift in Sources */,
			);
			runOnlyForDeploymentPostprocessing = 0;
		};
		D2B2E8791AB95DE5005CB0C2 /* Sources */ = {
			isa = PBXSourcesBuildPhase;
			buildActionMask = 2147483647;
			files = (
				D2B2E8841AB95DE5005CB0C2 /* SignUpTests.swift in Sources */,
			);
			runOnlyForDeploymentPostprocessing = 0;
		};
/* End PBXSourcesBuildPhase section */

/* Begin PBXTargetDependency section */
		D2B2E87F1AB95DE5005CB0C2 /* PBXTargetDependency */ = {
			isa = PBXTargetDependency;
			target = D2B2E8671AB95DE5005CB0C2 /* SignUp */;
			targetProxy = D2B2E87E1AB95DE5005CB0C2 /* PBXContainerItemProxy */;
		};
/* End PBXTargetDependency section */

/* Begin PBXVariantGroup section */
		D2B2E8711AB95DE5005CB0C2 /* Main.storyboard */ = {
			isa = PBXVariantGroup;
			children = (
				D2B2E8721AB95DE5005CB0C2 /* Base */,
			);
			name = Main.storyboard;
			sourceTree = "<group>";
		};
		D2B2E8761AB95DE5005CB0C2 /* LaunchScreen.xib */ = {
			isa = PBXVariantGroup;
			children = (
				D2B2E8771AB95DE5005CB0C2 /* Base */,
			);
			name = LaunchScreen.xib;
			sourceTree = "<group>";
		};
/* End PBXVariantGroup section */

/* Begin XCBuildConfiguration section */
		D2B2E8851AB95DE5005CB0C2 /* Debug */ = {
			isa = XCBuildConfiguration;
			buildSettings = {
				ALWAYS_SEARCH_USER_PATHS = NO;
				CLANG_CXX_LANGUAGE_STANDARD = "gnu++0x";
				CLANG_CXX_LIBRARY = "libc++";
				CLANG_ENABLE_MODULES = YES;
				CLANG_ENABLE_OBJC_ARC = YES;
				CLANG_WARN_BOOL_CONVERSION = YES;
				CLANG_WARN_CONSTANT_CONVERSION = YES;
				CLANG_WARN_DIRECT_OBJC_ISA_USAGE = YES_ERROR;
				CLANG_WARN_EMPTY_BODY = YES;
				CLANG_WARN_ENUM_CONVERSION = YES;
				CLANG_WARN_INT_CONVERSION = YES;
				CLANG_WARN_OBJC_ROOT_CLASS = YES_ERROR;
				CLANG_WARN_UNREACHABLE_CODE = YES;
				CLANG_WARN__DUPLICATE_METHOD_MATCH = YES;
				"CODE_SIGN_IDENTITY[sdk=iphoneos*]" = "iPhone Developer";
				COPY_PHASE_STRIP = NO;
				ENABLE_STRICT_OBJC_MSGSEND = YES;
				GCC_C_LANGUAGE_STANDARD = gnu99;
				GCC_DYNAMIC_NO_PIC = NO;
				GCC_OPTIMIZATION_LEVEL = 0;
				GCC_PREPROCESSOR_DEFINITIONS = (
					"DEBUG=1",
					"$(inherited)",
				);
				GCC_SYMBOLS_PRIVATE_EXTERN = NO;
				GCC_WARN_64_TO_32_BIT_CONVERSION = YES;
				GCC_WARN_ABOUT_RETURN_TYPE = YES_ERROR;
				GCC_WARN_UNDECLARED_SELECTOR = YES;
				GCC_WARN_UNINITIALIZED_AUTOS = YES_AGGRESSIVE;
				GCC_WARN_UNUSED_FUNCTION = YES;
				GCC_WARN_UNUSED_VARIABLE = YES;
				IPHONEOS_DEPLOYMENT_TARGET = 8.1;
				MTL_ENABLE_DEBUG_INFO = YES;
				ONLY_ACTIVE_ARCH = YES;
				SDKROOT = iphoneos;
				SWIFT_OPTIMIZATION_LEVEL = "-Onone";
			};
			name = Debug;
		};
		D2B2E8861AB95DE5005CB0C2 /* Release */ = {
			isa = XCBuildConfiguration;
			buildSettings = {
				ALWAYS_SEARCH_USER_PATHS = NO;
				CLANG_CXX_LANGUAGE_STANDARD = "gnu++0x";
				CLANG_CXX_LIBRARY = "libc++";
				CLANG_ENABLE_MODULES = YES;
				CLANG_ENABLE_OBJC_ARC = YES;
				CLANG_WARN_BOOL_CONVERSION = YES;
				CLANG_WARN_CONSTANT_CONVERSION = YES;
				CLANG_WARN_DIRECT_OBJC_ISA_USAGE = YES_ERROR;
				CLANG_WARN_EMPTY_BODY = YES;
				CLANG_WARN_ENUM_CONVERSION = YES;
				CLANG_WARN_INT_CONVERSION = YES;
				CLANG_WARN_OBJC_ROOT_CLASS = YES_ERROR;
				CLANG_WARN_UNREACHABLE_CODE = YES;
				CLANG_WARN__DUPLICATE_METHOD_MATCH = YES;
				"CODE_SIGN_IDENTITY[sdk=iphoneos*]" = "iPhone Developer";
				COPY_PHASE_STRIP = YES;
				ENABLE_NS_ASSERTIONS = NO;
				ENABLE_STRICT_OBJC_MSGSEND = YES;
				GCC_C_LANGUAGE_STANDARD = gnu99;
				GCC_WARN_64_TO_32_BIT_CONVERSION = YES;
				GCC_WARN_ABOUT_RETURN_TYPE = YES_ERROR;
				GCC_WARN_UNDECLARED_SELECTOR = YES;
				GCC_WARN_UNINITIALIZED_AUTOS = YES_AGGRESSIVE;
				GCC_WARN_UNUSED_FUNCTION = YES;
				GCC_WARN_UNUSED_VARIABLE = YES;
				IPHONEOS_DEPLOYMENT_TARGET = 8.1;
				MTL_ENABLE_DEBUG_INFO = NO;
				SDKROOT = iphoneos;
				VALIDATE_PRODUCT = YES;
			};
			name = Release;
		};
		D2B2E8881AB95DE5005CB0C2 /* Debug */ = {
			isa = XCBuildConfiguration;
			buildSettings = {
				ASSETCATALOG_COMPILER_APPICON_NAME = AppIcon;
				"CODE_SIGN_IDENTITY[sdk=iphoneos*]" = "iPhone Developer";
				INFOPLIST_FILE = SignUp/Info.plist;
				LD_RUNPATH_SEARCH_PATHS = "$(inherited) @executable_path/Frameworks";
				PRODUCT_NAME = "$(TARGET_NAME)";
				PROVISIONING_PROFILE = None;
			};
			name = Debug;
		};
		D2B2E8891AB95DE5005CB0C2 /* Release */ = {
			isa = XCBuildConfiguration;
			buildSettings = {
				ASSETCATALOG_COMPILER_APPICON_NAME = AppIcon;
				INFOPLIST_FILE = SignUp/Info.plist;
				LD_RUNPATH_SEARCH_PATHS = "$(inherited) @executable_path/Frameworks";
				PRODUCT_NAME = "$(TARGET_NAME)";
				PROVISIONING_PROFILE = None;
			};
			name = Release;
		};
		D2B2E88B1AB95DE5005CB0C2 /* Debug */ = {
			isa = XCBuildConfiguration;
			buildSettings = {
				BUNDLE_LOADER = "$(TEST_HOST)";
				FRAMEWORK_SEARCH_PATHS = (
					"$(SDKROOT)/Developer/Library/Frameworks",
					"$(inherited)",
				);
				GCC_PREPROCESSOR_DEFINITIONS = (
					"DEBUG=1",
					"$(inherited)",
				);
				INFOPLIST_FILE = SignUpTests/Info.plist;
				LD_RUNPATH_SEARCH_PATHS = "$(inherited) @executable_path/Frameworks @loader_path/Frameworks";
				PRODUCT_NAME = "$(TARGET_NAME)";
				TEST_HOST = "$(BUILT_PRODUCTS_DIR)/SignUp.app/SignUp";
			};
			name = Debug;
		};
		D2B2E88C1AB95DE5005CB0C2 /* Release */ = {
			isa = XCBuildConfiguration;
			buildSettings = {
				BUNDLE_LOADER = "$(TEST_HOST)";
				FRAMEWORK_SEARCH_PATHS = (
					"$(SDKROOT)/Developer/Library/Frameworks",
					"$(inherited)",
				);
				INFOPLIST_FILE = SignUpTests/Info.plist;
				LD_RUNPATH_SEARCH_PATHS = "$(inherited) @executable_path/Frameworks @loader_path/Frameworks";
				PRODUCT_NAME = "$(TARGET_NAME)";
				TEST_HOST = "$(BUILT_PRODUCTS_DIR)/SignUp.app/SignUp";
			};
			name = Release;
		};
/* End XCBuildConfiguration section */

/* Begin XCConfigurationList section */
		D2B2E8631AB95DE5005CB0C2 /* Build configuration list for PBXProject "SignUp" */ = {
			isa = XCConfigurationList;
			buildConfigurations = (
				D2B2E8851AB95DE5005CB0C2 /* Debug */,
				D2B2E8861AB95DE5005CB0C2 /* Release */,
			);
			defaultConfigurationIsVisible = 0;
			defaultConfigurationName = Release;
		};
		D2B2E8871AB95DE5005CB0C2 /* Build configuration list for PBXNativeTarget "SignUp" */ = {
			isa = XCConfigurationList;
			buildConfigurations = (
				D2B2E8881AB95DE5005CB0C2 /* Debug */,
				D2B2E8891AB95DE5005CB0C2 /* Release */,
			);
			defaultConfigurationIsVisible = 0;
			defaultConfigurationName = Release;
		};
		D2B2E88A1AB95DE5005CB0C2 /* Build configuration list for PBXNativeTarget "SignUpTests" */ = {
			isa = XCConfigurationList;
			buildConfigurations = (
				D2B2E88B1AB95DE5005CB0C2 /* Debug */,
				D2B2E88C1AB95DE5005CB0C2 /* Release */,
			);
			defaultConfigurationIsVisible = 0;
			defaultConfigurationName = Release;
		};
/* End XCConfigurationList section */
	};
	rootObject = D2B2E8601AB95DE5005CB0C2 /* Project object */;
}
