// !$*UTF8*$!
{
	archiveVersion = 1;
	classes = {
	};
	objectVersion = 46;
	objects = {

/* Begin PBXBuildFile section */
		D27CE0271ABD1B3B00CC8145 /* AppDelegate.swift in Sources */ = {isa = PBXBuildFile; fileRef = D27CE0261ABD1B3B00CC8145 /* AppDelegate.swift */; };
		D27CE0291ABD1B3B00CC8145 /* ViewController.swift in Sources */ = {isa = PBXBuildFile; fileRef = D27CE0281ABD1B3B00CC8145 /* ViewController.swift */; };
		D27CE02C1ABD1B3B00CC8145 /* Main.storyboard in Resources */ = {isa = PBXBuildFile; fileRef = D27CE02A1ABD1B3B00CC8145 /* Main.storyboard */; };
		D27CE02E1ABD1B3B00CC8145 /* Images.xcassets in Resources */ = {isa = PBXBuildFile; fileRef = D27CE02D1ABD1B3B00CC8145 /* Images.xcassets */; };
		D27CE0311ABD1B3B00CC8145 /* LaunchScreen.xib in Resources */ = {isa = PBXBuildFile; fileRef = D27CE02F1ABD1B3B00CC8145 /* LaunchScreen.xib */; };
		D27CE03D1ABD1B3B00CC8145 /* WebViewDemoTests.swift in Sources */ = {isa = PBXBuildFile; fileRef = D27CE03C1ABD1B3B00CC8145 /* WebViewDemoTests.swift */; };
/* End PBXBuildFile section */

/* Begin PBXContainerItemProxy section */
		D27CE0371ABD1B3B00CC8145 /* PBXContainerItemProxy */ = {
			isa = PBXContainerItemProxy;
			containerPortal = D27CE0191ABD1B3B00CC8145 /* Project object */;
			proxyType = 1;
			remoteGlobalIDString = D27CE0201ABD1B3B00CC8145;
			remoteInfo = WebViewDemo;
		};
/* End PBXContainerItemProxy section */

/* Begin PBXFileReference section */
		D27CE0211ABD1B3B00CC8145 /* WebViewDemo.app */ = {isa = PBXFileReference; explicitFileType = wrapper.application; includeInIndex = 0; path = WebViewDemo.app; sourceTree = BUILT_PRODUCTS_DIR; };
		D27CE0251ABD1B3B00CC8145 /* Info.plist */ = {isa = PBXFileReference; lastKnownFileType = text.plist.xml; path = Info.plist; sourceTree = "<group>"; };
		D27CE0261ABD1B3B00CC8145 /* AppDelegate.swift */ = {isa = PBXFileReference; lastKnownFileType = sourcecode.swift; path = AppDelegate.swift; sourceTree = "<group>"; };
		D27CE0281ABD1B3B00CC8145 /* ViewController.swift */ = {isa = PBXFileReference; lastKnownFileType = sourcecode.swift; path = ViewController.swift; sourceTree = "<group>"; };
		D27CE02B1ABD1B3B00CC8145 /* Base */ = {isa = PBXFileReference; lastKnownFileType = file.storyboard; name = Base; path = Base.lproj/Main.storyboard; sourceTree = "<group>"; };
		D27CE02D1ABD1B3B00CC8145 /* Images.xcassets */ = {isa = PBXFileReference; lastKnownFileType = folder.assetcatalog; path = Images.xcassets; sourceTree = "<group>"; };
		D27CE0301ABD1B3B00CC8145 /* Base */ = {isa = PBXFileReference; lastKnownFileType = file.xib; name = Base; path = Base.lproj/LaunchScreen.xib; sourceTree = "<group>"; };
		D27CE0361ABD1B3B00CC8145 /* WebViewDemoTests.xctest */ = {isa = PBXFileReference; explicitFileType = wrapper.cfbundle; includeInIndex = 0; path = WebViewDemoTests.xctest; sourceTree = BUILT_PRODUCTS_DIR; };
		D27CE03B1ABD1B3B00CC8145 /* Info.plist */ = {isa = PBXFileReference; lastKnownFileType = text.plist.xml; path = Info.plist; sourceTree = "<group>"; };
		D27CE03C1ABD1B3B00CC8145 /* WebViewDemoTests.swift */ = {isa = PBXFileReference; lastKnownFileType = sourcecode.swift; path = WebViewDemoTests.swift; sourceTree = "<group>"; };
/* End PBXFileReference section */

/* Begin PBXFrameworksBuildPhase section */
		D27CE01E1ABD1B3B00CC8145 /* Frameworks */ = {
			isa = PBXFrameworksBuildPhase;
			buildActionMask = 2147483647;
			files = (
			);
			runOnlyForDeploymentPostprocessing = 0;
		};
		D27CE0331ABD1B3B00CC8145 /* Frameworks */ = {
			isa = PBXFrameworksBuildPhase;
			buildActionMask = 2147483647;
			files = (
			);
			runOnlyForDeploymentPostprocessing = 0;
		};
/* End PBXFrameworksBuildPhase section */

/* Begin PBXGroup section */
		D27CE0181ABD1B3B00CC8145 = {
			isa = PBXGroup;
			children = (
				D27CE0231ABD1B3B00CC8145 /* WebViewDemo */,
				D27CE0391ABD1B3B00CC8145 /* WebViewDemoTests */,
				D27CE0221ABD1B3B00CC8145 /* Products */,
			);
			sourceTree = "<group>";
		};
		D27CE0221ABD1B3B00CC8145 /* Products */ = {
			isa = PBXGroup;
			children = (
				D27CE0211ABD1B3B00CC8145 /* WebViewDemo.app */,
				D27CE0361ABD1B3B00CC8145 /* WebViewDemoTests.xctest */,
			);
			name = Products;
			sourceTree = "<group>";
		};
		D27CE0231ABD1B3B00CC8145 /* WebViewDemo */ = {
			isa = PBXGroup;
			children = (
				D27CE0261ABD1B3B00CC8145 /* AppDelegate.swift */,
				D27CE0281ABD1B3B00CC8145 /* ViewController.swift */,
				D27CE02A1ABD1B3B00CC8145 /* Main.storyboard */,
				D27CE02D1ABD1B3B00CC8145 /* Images.xcassets */,
				D27CE02F1ABD1B3B00CC8145 /* LaunchScreen.xib */,
				D27CE0241ABD1B3B00CC8145 /* Supporting Files */,
			);
			path = WebViewDemo;
			sourceTree = "<group>";
		};
		D27CE0241ABD1B3B00CC8145 /* Supporting Files */ = {
			isa = PBXGroup;
			children = (
				D27CE0251ABD1B3B00CC8145 /* Info.plist */,
			);
			name = "Supporting Files";
			sourceTree = "<group>";
		};
		D27CE0391ABD1B3B00CC8145 /* WebViewDemoTests */ = {
			isa = PBXGroup;
			children = (
				D27CE03C1ABD1B3B00CC8145 /* WebViewDemoTests.swift */,
				D27CE03A1ABD1B3B00CC8145 /* Supporting Files */,
			);
			path = WebViewDemoTests;
			sourceTree = "<group>";
		};
		D27CE03A1ABD1B3B00CC8145 /* Supporting Files */ = {
			isa = PBXGroup;
			children = (
				D27CE03B1ABD1B3B00CC8145 /* Info.plist */,
			);
			name = "Supporting Files";
			sourceTree = "<group>";
		};
/* End PBXGroup section */

/* Begin PBXNativeTarget section */
		D27CE0201ABD1B3B00CC8145 /* WebViewDemo */ = {
			isa = PBXNativeTarget;
			buildConfigurationList = D27CE0401ABD1B3B00CC8145 /* Build configuration list for PBXNativeTarget "WebViewDemo" */;
			buildPhases = (
				D27CE01D1ABD1B3B00CC8145 /* Sources */,
				D27CE01E1ABD1B3B00CC8145 /* Frameworks */,
				D27CE01F1ABD1B3B00CC8145 /* Resources */,
			);
			buildRules = (
			);
			dependencies = (
			);
			name = WebViewDemo;
			productName = WebViewDemo;
			productReference = D27CE0211ABD1B3B00CC8145 /* WebViewDemo.app */;
			productType = "com.apple.product-type.application";
		};
		D27CE0351ABD1B3B00CC8145 /* WebViewDemoTests */ = {
			isa = PBXNativeTarget;
			buildConfigurationList = D27CE0431ABD1B3B00CC8145 /* Build configuration list for PBXNativeTarget "WebViewDemoTests" */;
			buildPhases = (
				D27CE0321ABD1B3B00CC8145 /* Sources */,
				D27CE0331ABD1B3B00CC8145 /* Frameworks */,
				D27CE0341ABD1B3B00CC8145 /* Resources */,
			);
			buildRules = (
			);
			dependencies = (
				D27CE0381ABD1B3B00CC8145 /* PBXTargetDependency */,
			);
			name = WebViewDemoTests;
			productName = WebViewDemoTests;
			productReference = D27CE0361ABD1B3B00CC8145 /* WebViewDemoTests.xctest */;
			productType = "com.apple.product-type.bundle.unit-test";
		};
/* End PBXNativeTarget section */

/* Begin PBXProject section */
		D27CE0191ABD1B3B00CC8145 /* Project object */ = {
			isa = PBXProject;
			attributes = {
				LastUpgradeCheck = 0610;
				ORGANIZATIONNAME = "K.Yawn Xoan";
				TargetAttributes = {
					D27CE0201ABD1B3B00CC8145 = {
						CreatedOnToolsVersion = 6.1.1;
					};
					D27CE0351ABD1B3B00CC8145 = {
						CreatedOnToolsVersion = 6.1.1;
						TestTargetID = D27CE0201ABD1B3B00CC8145;
					};
				};
			};
			buildConfigurationList = D27CE01C1ABD1B3B00CC8145 /* Build configuration list for PBXProject "WebViewDemo" */;
			compatibilityVersion = "Xcode 3.2";
			developmentRegion = English;
			hasScannedForEncodings = 0;
			knownRegions = (
				en,
				Base,
			);
			mainGroup = D27CE0181ABD1B3B00CC8145;
			productRefGroup = D27CE0221ABD1B3B00CC8145 /* Products */;
			projectDirPath = "";
			projectRoot = "";
			targets = (
				D27CE0201ABD1B3B00CC8145 /* WebViewDemo */,
				D27CE0351ABD1B3B00CC8145 /* WebViewDemoTests */,
			);
		};
/* End PBXProject section */

/* Begin PBXResourcesBuildPhase section */
		D27CE01F1ABD1B3B00CC8145 /* Resources */ = {
			isa = PBXResourcesBuildPhase;
			buildActionMask = 2147483647;
			files = (
				D27CE02C1ABD1B3B00CC8145 /* Main.storyboard in Resources */,
				D27CE0311ABD1B3B00CC8145 /* LaunchScreen.xib in Resources */,
				D27CE02E1ABD1B3B00CC8145 /* Images.xcassets in Resources */,
			);
			runOnlyForDeploymentPostprocessing = 0;
		};
		D27CE0341ABD1B3B00CC8145 /* Resources */ = {
			isa = PBXResourcesBuildPhase;
			buildActionMask = 2147483647;
			files = (
			);
			runOnlyForDeploymentPostprocessing = 0;
		};
/* End PBXResourcesBuildPhase section */

/* Begin PBXSourcesBuildPhase section */
		D27CE01D1ABD1B3B00CC8145 /* Sources */ = {
			isa = PBXSourcesBuildPhase;
			buildActionMask = 2147483647;
			files = (
				D27CE0291ABD1B3B00CC8145 /* ViewController.swift in Sources */,
				D27CE0271ABD1B3B00CC8145 /* AppDelegate.swift in Sources */,
			);
			runOnlyForDeploymentPostprocessing = 0;
		};
		D27CE0321ABD1B3B00CC8145 /* Sources */ = {
			isa = PBXSourcesBuildPhase;
			buildActionMask = 2147483647;
			files = (
				D27CE03D1ABD1B3B00CC8145 /* WebViewDemoTests.swift in Sources */,
			);
			runOnlyForDeploymentPostprocessing = 0;
		};
/* End PBXSourcesBuildPhase section */

/* Begin PBXTargetDependency section */
		D27CE0381ABD1B3B00CC8145 /* PBXTargetDependency */ = {
			isa = PBXTargetDependency;
			target = D27CE0201ABD1B3B00CC8145 /* WebViewDemo */;
			targetProxy = D27CE0371ABD1B3B00CC8145 /* PBXContainerItemProxy */;
		};
/* End PBXTargetDependency section */

/* Begin PBXVariantGroup section */
		D27CE02A1ABD1B3B00CC8145 /* Main.storyboard */ = {
			isa = PBXVariantGroup;
			children = (
				D27CE02B1ABD1B3B00CC8145 /* Base */,
			);
			name = Main.storyboard;
			sourceTree = "<group>";
		};
		D27CE02F1ABD1B3B00CC8145 /* LaunchScreen.xib */ = {
			isa = PBXVariantGroup;
			children = (
				D27CE0301ABD1B3B00CC8145 /* Base */,
			);
			name = LaunchScreen.xib;
			sourceTree = "<group>";
		};
/* End PBXVariantGroup section */

/* Begin XCBuildConfiguration section */
		D27CE03E1ABD1B3B00CC8145 /* Debug */ = {
			isa = XCBuildConfiguration;
			buildSettings = {
				ALWAYS_SEARCH_USER_PATHS = NO;
				CLANG_CXX_LANGUAGE_STANDARD = "gnu++0x";
				CLANG_CXX_LIBRARY = "libc++";
				CLANG_ENABLE_MODULES = YES;
				CLANG_ENABLE_OBJC_ARC = YES;
				CLANG_WARN_BOOL_CONVERSION = YES;
				CLANG_WARN_CONSTANT_CONVERSION = YES;
				CLANG_WARN_DIRECT_OBJC_ISA_USAGE = YES_ERROR;
				CLANG_WARN_EMPTY_BODY = YES;
				CLANG_WARN_ENUM_CONVERSION = YES;
				CLANG_WARN_INT_CONVERSION = YES;
				CLANG_WARN_OBJC_ROOT_CLASS = YES_ERROR;
				CLANG_WARN_UNREACHABLE_CODE = YES;
				CLANG_WARN__DUPLICATE_METHOD_MATCH = YES;
				"CODE_SIGN_IDENTITY[sdk=iphoneos*]" = "iPhone Developer";
				COPY_PHASE_STRIP = NO;
				ENABLE_STRICT_OBJC_MSGSEND = YES;
				GCC_C_LANGUAGE_STANDARD = gnu99;
				GCC_DYNAMIC_NO_PIC = NO;
				GCC_OPTIMIZATION_LEVEL = 0;
				GCC_PREPROCESSOR_DEFINITIONS = (
					"DEBUG=1",
					"$(inherited)",
				);
				GCC_SYMBOLS_PRIVATE_EXTERN = NO;
				GCC_WARN_64_TO_32_BIT_CONVERSION = YES;
				GCC_WARN_ABOUT_RETURN_TYPE = YES_ERROR;
				GCC_WARN_UNDECLARED_SELECTOR = YES;
				GCC_WARN_UNINITIALIZED_AUTOS = YES_AGGRESSIVE;
				GCC_WARN_UNUSED_FUNCTION = YES;
				GCC_WARN_UNUSED_VARIABLE = YES;
				IPHONEOS_DEPLOYMENT_TARGET = 8.1;
				MTL_ENABLE_DEBUG_INFO = YES;
				ONLY_ACTIVE_ARCH = YES;
				SDKROOT = iphoneos;
				SWIFT_OPTIMIZATION_LEVEL = "-Onone";
			};
			name = Debug;
		};
		D27CE03F1ABD1B3B00CC8145 /* Release */ = {
			isa = XCBuildConfiguration;
			buildSettings = {
				ALWAYS_SEARCH_USER_PATHS = NO;
				CLANG_CXX_LANGUAGE_STANDARD = "gnu++0x";
				CLANG_CXX_LIBRARY = "libc++";
				CLANG_ENABLE_MODULES = YES;
				CLANG_ENABLE_OBJC_ARC = YES;
				CLANG_WARN_BOOL_CONVERSION = YES;
				CLANG_WARN_CONSTANT_CONVERSION = YES;
				CLANG_WARN_DIRECT_OBJC_ISA_USAGE = YES_ERROR;
				CLANG_WARN_EMPTY_BODY = YES;
				CLANG_WARN_ENUM_CONVERSION = YES;
				CLANG_WARN_INT_CONVERSION = YES;
				CLANG_WARN_OBJC_ROOT_CLASS = YES_ERROR;
				CLANG_WARN_UNREACHABLE_CODE = YES;
				CLANG_WARN__DUPLICATE_METHOD_MATCH = YES;
				"CODE_SIGN_IDENTITY[sdk=iphoneos*]" = "iPhone Developer";
				COPY_PHASE_STRIP = YES;
				ENABLE_NS_ASSERTIONS = NO;
				ENABLE_STRICT_OBJC_MSGSEND = YES;
				GCC_C_LANGUAGE_STANDARD = gnu99;
				GCC_WARN_64_TO_32_BIT_CONVERSION = YES;
				GCC_WARN_ABOUT_RETURN_TYPE = YES_ERROR;
				GCC_WARN_UNDECLARED_SELECTOR = YES;
				GCC_WARN_UNINITIALIZED_AUTOS = YES_AGGRESSIVE;
				GCC_WARN_UNUSED_FUNCTION = YES;
				GCC_WARN_UNUSED_VARIABLE = YES;
				IPHONEOS_DEPLOYMENT_TARGET = 8.1;
				MTL_ENABLE_DEBUG_INFO = NO;
				SDKROOT = iphoneos;
				VALIDATE_PRODUCT = YES;
			};
			name = Release;
		};
		D27CE0411ABD1B3B00CC8145 /* Debug */ = {
			isa = XCBuildConfiguration;
			buildSettings = {
				ASSETCATALOG_COMPILER_APPICON_NAME = AppIcon;
				CODE_SIGN_IDENTITY = "iPhone Developer: Wei Feng Hou (P4XREMZX86)";
				INFOPLIST_FILE = WebViewDemo/Info.plist;
				LD_RUNPATH_SEARCH_PATHS = "$(inherited) @executable_path/Frameworks";
				PRODUCT_NAME = "$(TARGET_NAME)";
			};
			name = Debug;
		};
		D27CE0421ABD1B3B00CC8145 /* Release */ = {
			isa = XCBuildConfiguration;
			buildSettings = {
				ASSETCATALOG_COMPILER_APPICON_NAME = AppIcon;
				CODE_SIGN_IDENTITY = "iPhone Developer: Wei Feng Hou (P4XREMZX86)";
				INFOPLIST_FILE = WebViewDemo/Info.plist;
				LD_RUNPATH_SEARCH_PATHS = "$(inherited) @executable_path/Frameworks";
				PRODUCT_NAME = "$(TARGET_NAME)";
			};
			name = Release;
		};
		D27CE0441ABD1B3B00CC8145 /* Debug */ = {
			isa = XCBuildConfiguration;
			buildSettings = {
				BUNDLE_LOADER = "$(TEST_HOST)";
				FRAMEWORK_SEARCH_PATHS = (
					"$(SDKROOT)/Developer/Library/Frameworks",
					"$(inherited)",
				);
				GCC_PREPROCESSOR_DEFINITIONS = (
					"DEBUG=1",
					"$(inherited)",
				);
				INFOPLIST_FILE = WebViewDemoTests/Info.plist;
				LD_RUNPATH_SEARCH_PATHS = "$(inherited) @executable_path/Frameworks @loader_path/Frameworks";
				PRODUCT_NAME = "$(TARGET_NAME)";
				TEST_HOST = "$(BUILT_PRODUCTS_DIR)/WebViewDemo.app/WebViewDemo";
			};
			name = Debug;
		};
		D27CE0451ABD1B3B00CC8145 /* Release */ = {
			isa = XCBuildConfiguration;
			buildSettings = {
				BUNDLE_LOADER = "$(TEST_HOST)";
				FRAMEWORK_SEARCH_PATHS = (
					"$(SDKROOT)/Developer/Library/Frameworks",
					"$(inherited)",
				);
				INFOPLIST_FILE = WebViewDemoTests/Info.plist;
				LD_RUNPATH_SEARCH_PATHS = "$(inherited) @executable_path/Frameworks @loader_path/Frameworks";
				PRODUCT_NAME = "$(TARGET_NAME)";
				TEST_HOST = "$(BUILT_PRODUCTS_DIR)/WebViewDemo.app/WebViewDemo";
			};
			name = Release;
		};
/* End XCBuildConfiguration section */

/* Begin XCConfigurationList section */
		D27CE01C1ABD1B3B00CC8145 /* Build configuration list for PBXProject "WebViewDemo" */ = {
			isa = XCConfigurationList;
			buildConfigurations = (
				D27CE03E1ABD1B3B00CC8145 /* Debug */,
				D27CE03F1ABD1B3B00CC8145 /* Release */,
			);
			defaultConfigurationIsVisible = 0;
			defaultConfigurationName = Release;
		};
		D27CE0401ABD1B3B00CC8145 /* Build configuration list for PBXNativeTarget "WebViewDemo" */ = {
			isa = XCConfigurationList;
			buildConfigurations = (
				D27CE0411ABD1B3B00CC8145 /* Debug */,
				D27CE0421ABD1B3B00CC8145 /* Release */,
			);
			defaultConfigurationIsVisible = 0;
			defaultConfigurationName = Release;
		};
		D27CE0431ABD1B3B00CC8145 /* Build configuration list for PBXNativeTarget "WebViewDemoTests" */ = {
			isa = XCConfigurationList;
			buildConfigurations = (
				D27CE0441ABD1B3B00CC8145 /* Debug */,
				D27CE0451ABD1B3B00CC8145 /* Release */,
			);
			defaultConfigurationIsVisible = 0;
			defaultConfigurationName = Release;
		};
/* End XCConfigurationList section */
	};
	rootObject = D27CE0191ABD1B3B00CC8145 /* Project object */;
}
