// !$*UTF8*$!
{
	archiveVersion = 1;
	classes = {
	};
	objectVersion = 46;
	objects = {

/* Begin PBXBuildFile section */
		D21D984F1ACBE039001BAF70 /* main.m in Sources */ = {isa = PBXBuildFile; fileRef = D21D984E1ACBE039001BAF70 /* main.m */; };
		D21D98521ACBE039001BAF70 /* AppDelegate.m in Sources */ = {isa = PBXBuildFile; fileRef = D21D98511ACBE039001BAF70 /* AppDelegate.m */; };
		D21D98551ACBE039001BAF70 /* ViewController.m in Sources */ = {isa = PBXBuildFile; fileRef = D21D98541ACBE039001BAF70 /* ViewController.m */; };
		D21D98581ACBE039001BAF70 /* Main.storyboard in Resources */ = {isa = PBXBuildFile; fileRef = D21D98561ACBE039001BAF70 /* Main.storyboard */; };
		D21D985A1ACBE039001BAF70 /* Images.xcassets in Resources */ = {isa = PBXBuildFile; fileRef = D21D98591ACBE039001BAF70 /* Images.xcassets */; };
		D21D985D1ACBE039001BAF70 /* LaunchScreen.xib in Resources */ = {isa = PBXBuildFile; fileRef = D21D985B1ACBE039001BAF70 /* LaunchScreen.xib */; };
		D21D98691ACBE039001BAF70 /* myVoideRecOCTests.m in Sources */ = {isa = PBXBuildFile; fileRef = D21D98681ACBE039001BAF70 /* myVoideRecOCTests.m */; };
		D21D98CC1ACBE557001BAF70 /* iflyMSC.framework in Frameworks */ = {isa = PBXBuildFile; fileRef = D21D98CB1ACBE557001BAF70 /* iflyMSC.framework */; };
		D21D98CE1ACBE560001BAF70 /* AudioToolbox.framework in Frameworks */ = {isa = PBXBuildFile; fileRef = D21D98CD1ACBE560001BAF70 /* AudioToolbox.framework */; };
/* End PBXBuildFile section */

/* Begin PBXContainerItemProxy section */
		D21D98631ACBE039001BAF70 /* PBXContainerItemProxy */ = {
			isa = PBXContainerItemProxy;
			containerPortal = D21D98411ACBE039001BAF70 /* Project object */;
			proxyType = 1;
			remoteGlobalIDString = D21D98481ACBE039001BAF70;
			remoteInfo = myVoideRecOC;
		};
/* End PBXContainerItemProxy section */

/* Begin PBXFileReference section */
		D21D98491ACBE039001BAF70 /* myVoideRecOC.app */ = {isa = PBXFileReference; explicitFileType = wrapper.application; includeInIndex = 0; path = myVoideRecOC.app; sourceTree = BUILT_PRODUCTS_DIR; };
		D21D984D1ACBE039001BAF70 /* Info.plist */ = {isa = PBXFileReference; lastKnownFileType = text.plist.xml; path = Info.plist; sourceTree = "<group>"; };
		D21D984E1ACBE039001BAF70 /* main.m */ = {isa = PBXFileReference; lastKnownFileType = sourcecode.c.objc; path = main.m; sourceTree = "<group>"; };
		D21D98501ACBE039001BAF70 /* AppDelegate.h */ = {isa = PBXFileReference; lastKnownFileType = sourcecode.c.h; path = AppDelegate.h; sourceTree = "<group>"; };
		D21D98511ACBE039001BAF70 /* AppDelegate.m */ = {isa = PBXFileReference; lastKnownFileType = sourcecode.c.objc; path = AppDelegate.m; sourceTree = "<group>"; };
		D21D98531ACBE039001BAF70 /* ViewController.h */ = {isa = PBXFileReference; lastKnownFileType = sourcecode.c.h; path = ViewController.h; sourceTree = "<group>"; };
		D21D98541ACBE039001BAF70 /* ViewController.m */ = {isa = PBXFileReference; lastKnownFileType = sourcecode.c.objc; path = ViewController.m; sourceTree = "<group>"; };
		D21D98571ACBE039001BAF70 /* Base */ = {isa = PBXFileReference; lastKnownFileType = file.storyboard; name = Base; path = Base.lproj/Main.storyboard; sourceTree = "<group>"; };
		D21D98591ACBE039001BAF70 /* Images.xcassets */ = {isa = PBXFileReference; lastKnownFileType = folder.assetcatalog; path = Images.xcassets; sourceTree = "<group>"; };
		D21D985C1ACBE039001BAF70 /* Base */ = {isa = PBXFileReference; lastKnownFileType = file.xib; name = Base; path = Base.lproj/LaunchScreen.xib; sourceTree = "<group>"; };
		D21D98621ACBE039001BAF70 /* myVoideRecOCTests.xctest */ = {isa = PBXFileReference; explicitFileType = wrapper.cfbundle; includeInIndex = 0; path = myVoideRecOCTests.xctest; sourceTree = BUILT_PRODUCTS_DIR; };
		D21D98671ACBE039001BAF70 /* Info.plist */ = {isa = PBXFileReference; lastKnownFileType = text.plist.xml; path = Info.plist; sourceTree = "<group>"; };
		D21D98681ACBE039001BAF70 /* myVoideRecOCTests.m */ = {isa = PBXFileReference; lastKnownFileType = sourcecode.c.objc; path = myVoideRecOCTests.m; sourceTree = "<group>"; };
		D21D98CB1ACBE557001BAF70 /* iflyMSC.framework */ = {isa = PBXFileReference; lastKnownFileType = wrapper.framework; name = iflyMSC.framework; path = ../../../Desktop/iOS_voice_1.101_54ffd80a/lib/iflyMSC.framework; sourceTree = "<group>"; };
		D21D98CD1ACBE560001BAF70 /* AudioToolbox.framework */ = {isa = PBXFileReference; lastKnownFileType = wrapper.framework; name = AudioToolbox.framework; path = System/Library/Frameworks/AudioToolbox.framework; sourceTree = SDKROOT; };
/* End PBXFileReference section */

/* Begin PBXFrameworksBuildPhase section */
		D21D98461ACBE039001BAF70 /* Frameworks */ = {
			isa = PBXFrameworksBuildPhase;
			buildActionMask = 2147483647;
			files = (
				D21D98CE1ACBE560001BAF70 /* AudioToolbox.framework in Frameworks */,
				D21D98CC1ACBE557001BAF70 /* iflyMSC.framework in Frameworks */,
			);
			runOnlyForDeploymentPostprocessing = 0;
		};
		D21D985F1ACBE039001BAF70 /* Frameworks */ = {
			isa = PBXFrameworksBuildPhase;
			buildActionMask = 2147483647;
			files = (
			);
			runOnlyForDeploymentPostprocessing = 0;
		};
/* End PBXFrameworksBuildPhase section */

/* Begin PBXGroup section */
		D21D98401ACBE039001BAF70 = {
			isa = PBXGroup;
			children = (
				D21D98CD1ACBE560001BAF70 /* AudioToolbox.framework */,
				D21D98CB1ACBE557001BAF70 /* iflyMSC.framework */,
				D21D984B1ACBE039001BAF70 /* myVoideRecOC */,
				D21D98651ACBE039001BAF70 /* myVoideRecOCTests */,
				D21D984A1ACBE039001BAF70 /* Products */,
			);
			sourceTree = "<group>";
		};
		D21D984A1ACBE039001BAF70 /* Products */ = {
			isa = PBXGroup;
			children = (
				D21D98491ACBE039001BAF70 /* myVoideRecOC.app */,
				D21D98621ACBE039001BAF70 /* myVoideRecOCTests.xctest */,
			);
			name = Products;
			sourceTree = "<group>";
		};
		D21D984B1ACBE039001BAF70 /* myVoideRecOC */ = {
			isa = PBXGroup;
			children = (
				D21D98501ACBE039001BAF70 /* AppDelegate.h */,
				D21D98511ACBE039001BAF70 /* AppDelegate.m */,
				D21D98531ACBE039001BAF70 /* ViewController.h */,
				D21D98541ACBE039001BAF70 /* ViewController.m */,
				D21D98561ACBE039001BAF70 /* Main.storyboard */,
				D21D98591ACBE039001BAF70 /* Images.xcassets */,
				D21D985B1ACBE039001BAF70 /* LaunchScreen.xib */,
				D21D984C1ACBE039001BAF70 /* Supporting Files */,
			);
			path = myVoideRecOC;
			sourceTree = "<group>";
		};
		D21D984C1ACBE039001BAF70 /* Supporting Files */ = {
			isa = PBXGroup;
			children = (
				D21D984D1ACBE039001BAF70 /* Info.plist */,
				D21D984E1ACBE039001BAF70 /* main.m */,
			);
			name = "Supporting Files";
			sourceTree = "<group>";
		};
		D21D98651ACBE039001BAF70 /* myVoideRecOCTests */ = {
			isa = PBXGroup;
			children = (
				D21D98681ACBE039001BAF70 /* myVoideRecOCTests.m */,
				D21D98661ACBE039001BAF70 /* Supporting Files */,
			);
			path = myVoideRecOCTests;
			sourceTree = "<group>";
		};
		D21D98661ACBE039001BAF70 /* Supporting Files */ = {
			isa = PBXGroup;
			children = (
				D21D98671ACBE039001BAF70 /* Info.plist */,
			);
			name = "Supporting Files";
			sourceTree = "<group>";
		};
/* End PBXGroup section */

/* Begin PBXNativeTarget section */
		D21D98481ACBE039001BAF70 /* myVoideRecOC */ = {
			isa = PBXNativeTarget;
			buildConfigurationList = D21D986C1ACBE039001BAF70 /* Build configuration list for PBXNativeTarget "myVoideRecOC" */;
			buildPhases = (
				D21D98451ACBE039001BAF70 /* Sources */,
				D21D98461ACBE039001BAF70 /* Frameworks */,
				D21D98471ACBE039001BAF70 /* Resources */,
			);
			buildRules = (
			);
			dependencies = (
			);
			name = myVoideRecOC;
			productName = myVoideRecOC;
			productReference = D21D98491ACBE039001BAF70 /* myVoideRecOC.app */;
			productType = "com.apple.product-type.application";
		};
		D21D98611ACBE039001BAF70 /* myVoideRecOCTests */ = {
			isa = PBXNativeTarget;
			buildConfigurationList = D21D986F1ACBE039001BAF70 /* Build configuration list for PBXNativeTarget "myVoideRecOCTests" */;
			buildPhases = (
				D21D985E1ACBE039001BAF70 /* Sources */,
				D21D985F1ACBE039001BAF70 /* Frameworks */,
				D21D98601ACBE039001BAF70 /* Resources */,
			);
			buildRules = (
			);
			dependencies = (
				D21D98641ACBE039001BAF70 /* PBXTargetDependency */,
			);
			name = myVoideRecOCTests;
			productName = myVoideRecOCTests;
			productReference = D21D98621ACBE039001BAF70 /* myVoideRecOCTests.xctest */;
			productType = "com.apple.product-type.bundle.unit-test";
		};
/* End PBXNativeTarget section */

/* Begin PBXProject section */
		D21D98411ACBE039001BAF70 /* Project object */ = {
			isa = PBXProject;
			attributes = {
				LastUpgradeCheck = 0610;
				ORGANIZATIONNAME = KevinHsiun;
				TargetAttributes = {
					D21D98481ACBE039001BAF70 = {
						CreatedOnToolsVersion = 6.1.1;
					};
					D21D98611ACBE039001BAF70 = {
						CreatedOnToolsVersion = 6.1.1;
						TestTargetID = D21D98481ACBE039001BAF70;
					};
				};
			};
			buildConfigurationList = D21D98441ACBE039001BAF70 /* Build configuration list for PBXProject "myVoideRecOC" */;
			compatibilityVersion = "Xcode 3.2";
			developmentRegion = English;
			hasScannedForEncodings = 0;
			knownRegions = (
				en,
				Base,
			);
			mainGroup = D21D98401ACBE039001BAF70;
			productRefGroup = D21D984A1ACBE039001BAF70 /* Products */;
			projectDirPath = "";
			projectRoot = "";
			targets = (
				D21D98481ACBE039001BAF70 /* myVoideRecOC */,
				D21D98611ACBE039001BAF70 /* myVoideRecOCTests */,
			);
		};
/* End PBXProject section */

/* Begin PBXResourcesBuildPhase section */
		D21D98471ACBE039001BAF70 /* Resources */ = {
			isa = PBXResourcesBuildPhase;
			buildActionMask = 2147483647;
			files = (
				D21D98581ACBE039001BAF70 /* Main.storyboard in Resources */,
				D21D985D1ACBE039001BAF70 /* LaunchScreen.xib in Resources */,
				D21D985A1ACBE039001BAF70 /* Images.xcassets in Resources */,
			);
			runOnlyForDeploymentPostprocessing = 0;
		};
		D21D98601ACBE039001BAF70 /* Resources */ = {
			isa = PBXResourcesBuildPhase;
			buildActionMask = 2147483647;
			files = (
			);
			runOnlyForDeploymentPostprocessing = 0;
		};
/* End PBXResourcesBuildPhase section */

/* Begin PBXSourcesBuildPhase section */
		D21D98451ACBE039001BAF70 /* Sources */ = {
			isa = PBXSourcesBuildPhase;
			buildActionMask = 2147483647;
			files = (
				D21D98551ACBE039001BAF70 /* ViewController.m in Sources */,
				D21D98521ACBE039001BAF70 /* AppDelegate.m in Sources */,
				D21D984F1ACBE039001BAF70 /* main.m in Sources */,
			);
			runOnlyForDeploymentPostprocessing = 0;
		};
		D21D985E1ACBE039001BAF70 /* Sources */ = {
			isa = PBXSourcesBuildPhase;
			buildActionMask = 2147483647;
			files = (
				D21D98691ACBE039001BAF70 /* myVoideRecOCTests.m in Sources */,
			);
			runOnlyForDeploymentPostprocessing = 0;
		};
/* End PBXSourcesBuildPhase section */

/* Begin PBXTargetDependency section */
		D21D98641ACBE039001BAF70 /* PBXTargetDependency */ = {
			isa = PBXTargetDependency;
			target = D21D98481ACBE039001BAF70 /* myVoideRecOC */;
			targetProxy = D21D98631ACBE039001BAF70 /* PBXContainerItemProxy */;
		};
/* End PBXTargetDependency section */

/* Begin PBXVariantGroup section */
		D21D98561ACBE039001BAF70 /* Main.storyboard */ = {
			isa = PBXVariantGroup;
			children = (
				D21D98571ACBE039001BAF70 /* Base */,
			);
			name = Main.storyboard;
			sourceTree = "<group>";
		};
		D21D985B1ACBE039001BAF70 /* LaunchScreen.xib */ = {
			isa = PBXVariantGroup;
			children = (
				D21D985C1ACBE039001BAF70 /* Base */,
			);
			name = LaunchScreen.xib;
			sourceTree = "<group>";
		};
/* End PBXVariantGroup section */

/* Begin XCBuildConfiguration section */
		D21D986A1ACBE039001BAF70 /* Debug */ = {
			isa = XCBuildConfiguration;
			buildSettings = {
				ALWAYS_SEARCH_USER_PATHS = NO;
				CLANG_CXX_LANGUAGE_STANDARD = "gnu++0x";
				CLANG_CXX_LIBRARY = "libc++";
				CLANG_ENABLE_MODULES = YES;
				CLANG_ENABLE_OBJC_ARC = YES;
				CLANG_WARN_BOOL_CONVERSION = YES;
				CLANG_WARN_CONSTANT_CONVERSION = YES;
				CLANG_WARN_DIRECT_OBJC_ISA_USAGE = YES_ERROR;
				CLANG_WARN_EMPTY_BODY = YES;
				CLANG_WARN_ENUM_CONVERSION = YES;
				CLANG_WARN_INT_CONVERSION = YES;
				CLANG_WARN_OBJC_ROOT_CLASS = YES_ERROR;
				CLANG_WARN_UNREACHABLE_CODE = YES;
				CLANG_WARN__DUPLICATE_METHOD_MATCH = YES;
				"CODE_SIGN_IDENTITY[sdk=iphoneos*]" = "iPhone Developer";
				COPY_PHASE_STRIP = NO;
				ENABLE_STRICT_OBJC_MSGSEND = YES;
				GCC_C_LANGUAGE_STANDARD = gnu99;
				GCC_DYNAMIC_NO_PIC = NO;
				GCC_OPTIMIZATION_LEVEL = 0;
				GCC_PREPROCESSOR_DEFINITIONS = (
					"DEBUG=1",
					"$(inherited)",
				);
				GCC_SYMBOLS_PRIVATE_EXTERN = NO;
				GCC_WARN_64_TO_32_BIT_CONVERSION = YES;
				GCC_WARN_ABOUT_RETURN_TYPE = YES_ERROR;
				GCC_WARN_UNDECLARED_SELECTOR = YES;
				GCC_WARN_UNINITIALIZED_AUTOS = YES_AGGRESSIVE;
				GCC_WARN_UNUSED_FUNCTION = YES;
				GCC_WARN_UNUSED_VARIABLE = YES;
				IPHONEOS_DEPLOYMENT_TARGET = 8.1;
				MTL_ENABLE_DEBUG_INFO = YES;
				ONLY_ACTIVE_ARCH = YES;
				SDKROOT = iphoneos;
			};
			name = Debug;
		};
		D21D986B1ACBE039001BAF70 /* Release */ = {
			isa = XCBuildConfiguration;
			buildSettings = {
				ALWAYS_SEARCH_USER_PATHS = NO;
				CLANG_CXX_LANGUAGE_STANDARD = "gnu++0x";
				CLANG_CXX_LIBRARY = "libc++";
				CLANG_ENABLE_MODULES = YES;
				CLANG_ENABLE_OBJC_ARC = YES;
				CLANG_WARN_BOOL_CONVERSION = YES;
				CLANG_WARN_CONSTANT_CONVERSION = YES;
				CLANG_WARN_DIRECT_OBJC_ISA_USAGE = YES_ERROR;
				CLANG_WARN_EMPTY_BODY = YES;
				CLANG_WARN_ENUM_CONVERSION = YES;
				CLANG_WARN_INT_CONVERSION = YES;
				CLANG_WARN_OBJC_ROOT_CLASS = YES_ERROR;
				CLANG_WARN_UNREACHABLE_CODE = YES;
				CLANG_WARN__DUPLICATE_METHOD_MATCH = YES;
				"CODE_SIGN_IDENTITY[sdk=iphoneos*]" = "iPhone Developer";
				COPY_PHASE_STRIP = YES;
				ENABLE_NS_ASSERTIONS = NO;
				ENABLE_STRICT_OBJC_MSGSEND = YES;
				GCC_C_LANGUAGE_STANDARD = gnu99;
				GCC_WARN_64_TO_32_BIT_CONVERSION = YES;
				GCC_WARN_ABOUT_RETURN_TYPE = YES_ERROR;
				GCC_WARN_UNDECLARED_SELECTOR = YES;
				GCC_WARN_UNINITIALIZED_AUTOS = YES_AGGRESSIVE;
				GCC_WARN_UNUSED_FUNCTION = YES;
				GCC_WARN_UNUSED_VARIABLE = YES;
				IPHONEOS_DEPLOYMENT_TARGET = 8.1;
				MTL_ENABLE_DEBUG_INFO = NO;
				SDKROOT = iphoneos;
				VALIDATE_PRODUCT = YES;
			};
			name = Release;
		};
		D21D986D1ACBE039001BAF70 /* Debug */ = {
			isa = XCBuildConfiguration;
			buildSettings = {
				ASSETCATALOG_COMPILER_APPICON_NAME = AppIcon;
				FRAMEWORK_SEARCH_PATHS = (
					"$(inherited)",
					/Users/KYawn/Desktop/iOS_voice_1.101_54ffd80a/lib,
				);
				INFOPLIST_FILE = myVoideRecOC/Info.plist;
				LD_RUNPATH_SEARCH_PATHS = "$(inherited) @executable_path/Frameworks";
				PRODUCT_NAME = "$(TARGET_NAME)";
			};
			name = Debug;
		};
		D21D986E1ACBE039001BAF70 /* Release */ = {
			isa = XCBuildConfiguration;
			buildSettings = {
				ASSETCATALOG_COMPILER_APPICON_NAME = AppIcon;
				FRAMEWORK_SEARCH_PATHS = (
					"$(inherited)",
					/Users/KYawn/Desktop/iOS_voice_1.101_54ffd80a/lib,
				);
				INFOPLIST_FILE = myVoideRecOC/Info.plist;
				LD_RUNPATH_SEARCH_PATHS = "$(inherited) @executable_path/Frameworks";
				PRODUCT_NAME = "$(TARGET_NAME)";
			};
			name = Release;
		};
		D21D98701ACBE039001BAF70 /* Debug */ = {
			isa = XCBuildConfiguration;
			buildSettings = {
				BUNDLE_LOADER = "$(TEST_HOST)";
				FRAMEWORK_SEARCH_PATHS = (
					"$(SDKROOT)/Developer/Library/Frameworks",
					"$(inherited)",
				);
				GCC_PREPROCESSOR_DEFINITIONS = (
					"DEBUG=1",
					"$(inherited)",
				);
				INFOPLIST_FILE = myVoideRecOCTests/Info.plist;
				LD_RUNPATH_SEARCH_PATHS = "$(inherited) @executable_path/Frameworks @loader_path/Frameworks";
				PRODUCT_NAME = "$(TARGET_NAME)";
				TEST_HOST = "$(BUILT_PRODUCTS_DIR)/myVoideRecOC.app/myVoideRecOC";
			};
			name = Debug;
		};
		D21D98711ACBE039001BAF70 /* Release */ = {
			isa = XCBuildConfiguration;
			buildSettings = {
				BUNDLE_LOADER = "$(TEST_HOST)";
				FRAMEWORK_SEARCH_PATHS = (
					"$(SDKROOT)/Developer/Library/Frameworks",
					"$(inherited)",
				);
				INFOPLIST_FILE = myVoideRecOCTests/Info.plist;
				LD_RUNPATH_SEARCH_PATHS = "$(inherited) @executable_path/Frameworks @loader_path/Frameworks";
				PRODUCT_NAME = "$(TARGET_NAME)";
				TEST_HOST = "$(BUILT_PRODUCTS_DIR)/myVoideRecOC.app/myVoideRecOC";
			};
			name = Release;
		};
/* End XCBuildConfiguration section */

/* Begin XCConfigurationList section */
		D21D98441ACBE039001BAF70 /* Build configuration list for PBXProject "myVoideRecOC" */ = {
			isa = XCConfigurationList;
			buildConfigurations = (
				D21D986A1ACBE039001BAF70 /* Debug */,
				D21D986B1ACBE039001BAF70 /* Release */,
			);
			defaultConfigurationIsVisible = 0;
			defaultConfigurationName = Release;
		};
		D21D986C1ACBE039001BAF70 /* Build configuration list for PBXNativeTarget "myVoideRecOC" */ = {
			isa = XCConfigurationList;
			buildConfigurations = (
				D21D986D1ACBE039001BAF70 /* Debug */,
				D21D986E1ACBE039001BAF70 /* Release */,
			);
			defaultConfigurationIsVisible = 0;
			defaultConfigurationName = Release;
		};
		D21D986F1ACBE039001BAF70 /* Build configuration list for PBXNativeTarget "myVoideRecOCTests" */ = {
			isa = XCConfigurationList;
			buildConfigurations = (
				D21D98701ACBE039001BAF70 /* Debug */,
				D21D98711ACBE039001BAF70 /* Release */,
			);
			defaultConfigurationIsVisible = 0;
			defaultConfigurationName = Release;
		};
/* End XCConfigurationList section */
	};
	rootObject = D21D98411ACBE039001BAF70 /* Project object */;
}
