// !$*UTF8*$!
{
	archiveVersion = 1;
	classes = {
	};
	objectVersion = 46;
	objects = {

/* Begin PBXBuildFile section */
		D24C11291ABEBC5A000B0B81 /* AppDelegate.swift in Sources */ = {isa = PBXBuildFile; fileRef = D24C11281ABEBC5A000B0B81 /* AppDelegate.swift */; };
		D24C112B1ABEBC5A000B0B81 /* RootViewController.swift in Sources */ = {isa = PBXBuildFile; fileRef = D24C112A1ABEBC5A000B0B81 /* RootViewController.swift */; };
		D24C112D1ABEBC5A000B0B81 /* DataViewController.swift in Sources */ = {isa = PBXBuildFile; fileRef = D24C112C1ABEBC5A000B0B81 /* DataViewController.swift */; };
		D24C112F1ABEBC5A000B0B81 /* ModelController.swift in Sources */ = {isa = PBXBuildFile; fileRef = D24C112E1ABEBC5A000B0B81 /* ModelController.swift */; };
		D24C11321ABEBC5A000B0B81 /* Main.storyboard in Resources */ = {isa = PBXBuildFile; fileRef = D24C11301ABEBC5A000B0B81 /* Main.storyboard */; };
		D24C11341ABEBC5A000B0B81 /* Images.xcassets in Resources */ = {isa = PBXBuildFile; fileRef = D24C11331ABEBC5A000B0B81 /* Images.xcassets */; };
		D24C11371ABEBC5A000B0B81 /* LaunchScreen.xib in Resources */ = {isa = PBXBuildFile; fileRef = D24C11351ABEBC5A000B0B81 /* LaunchScreen.xib */; };
		D24C11431ABEBC5A000B0B81 /* scrowllViewTests.swift in Sources */ = {isa = PBXBuildFile; fileRef = D24C11421ABEBC5A000B0B81 /* scrowllViewTests.swift */; };
/* End PBXBuildFile section */

/* Begin PBXContainerItemProxy section */
		D24C113D1ABEBC5A000B0B81 /* PBXContainerItemProxy */ = {
			isa = PBXContainerItemProxy;
			containerPortal = D24C111B1ABEBC5A000B0B81 /* Project object */;
			proxyType = 1;
			remoteGlobalIDString = D24C11221ABEBC5A000B0B81;
			remoteInfo = scrowllView;
		};
/* End PBXContainerItemProxy section */

/* Begin PBXFileReference section */
		D24C11231ABEBC5A000B0B81 /* scrowllView.app */ = {isa = PBXFileReference; explicitFileType = wrapper.application; includeInIndex = 0; path = scrowllView.app; sourceTree = BUILT_PRODUCTS_DIR; };
		D24C11271ABEBC5A000B0B81 /* Info.plist */ = {isa = PBXFileReference; lastKnownFileType = text.plist.xml; path = Info.plist; sourceTree = "<group>"; };
		D24C11281ABEBC5A000B0B81 /* AppDelegate.swift */ = {isa = PBXFileReference; lastKnownFileType = sourcecode.swift; path = AppDelegate.swift; sourceTree = "<group>"; };
		D24C112A1ABEBC5A000B0B81 /* RootViewController.swift */ = {isa = PBXFileReference; lastKnownFileType = sourcecode.swift; path = RootViewController.swift; sourceTree = "<group>"; };
		D24C112C1ABEBC5A000B0B81 /* DataViewController.swift */ = {isa = PBXFileReference; lastKnownFileType = sourcecode.swift; path = DataViewController.swift; sourceTree = "<group>"; };
		D24C112E1ABEBC5A000B0B81 /* ModelController.swift */ = {isa = PBXFileReference; lastKnownFileType = sourcecode.swift; path = ModelController.swift; sourceTree = "<group>"; };
		D24C11311ABEBC5A000B0B81 /* Base */ = {isa = PBXFileReference; lastKnownFileType = file.storyboard; name = Base; path = Base.lproj/Main.storyboard; sourceTree = "<group>"; };
		D24C11331ABEBC5A000B0B81 /* Images.xcassets */ = {isa = PBXFileReference; lastKnownFileType = folder.assetcatalog; path = Images.xcassets; sourceTree = "<group>"; };
		D24C11361ABEBC5A000B0B81 /* Base */ = {isa = PBXFileReference; lastKnownFileType = file.xib; name = Base; path = Base.lproj/LaunchScreen.xib; sourceTree = "<group>"; };
		D24C113C1ABEBC5A000B0B81 /* scrowllViewTests.xctest */ = {isa = PBXFileReference; explicitFileType = wrapper.cfbundle; includeInIndex = 0; path = scrowllViewTests.xctest; sourceTree = BUILT_PRODUCTS_DIR; };
		D24C11411ABEBC5A000B0B81 /* Info.plist */ = {isa = PBXFileReference; lastKnownFileType = text.plist.xml; path = Info.plist; sourceTree = "<group>"; };
		D24C11421ABEBC5A000B0B81 /* scrowllViewTests.swift */ = {isa = PBXFileReference; lastKnownFileType = sourcecode.swift; path = scrowllViewTests.swift; sourceTree = "<group>"; };
/* End PBXFileReference section */

/* Begin PBXFrameworksBuildPhase section */
		D24C11201ABEBC5A000B0B81 /* Frameworks */ = {
			isa = PBXFrameworksBuildPhase;
			buildActionMask = 2147483647;
			files = (
			);
			runOnlyForDeploymentPostprocessing = 0;
		};
		D24C11391ABEBC5A000B0B81 /* Frameworks */ = {
			isa = PBXFrameworksBuildPhase;
			buildActionMask = 2147483647;
			files = (
			);
			runOnlyForDeploymentPostprocessing = 0;
		};
/* End PBXFrameworksBuildPhase section */

/* Begin PBXGroup section */
		D24C111A1ABEBC5A000B0B81 = {
			isa = PBXGroup;
			children = (
				D24C11251ABEBC5A000B0B81 /* scrowllView */,
				D24C113F1ABEBC5A000B0B81 /* scrowllViewTests */,
				D24C11241ABEBC5A000B0B81 /* Products */,
			);
			sourceTree = "<group>";
		};
		D24C11241ABEBC5A000B0B81 /* Products */ = {
			isa = PBXGroup;
			children = (
				D24C11231ABEBC5A000B0B81 /* scrowllView.app */,
				D24C113C1ABEBC5A000B0B81 /* scrowllViewTests.xctest */,
			);
			name = Products;
			sourceTree = "<group>";
		};
		D24C11251ABEBC5A000B0B81 /* scrowllView */ = {
			isa = PBXGroup;
			children = (
				D24C11281ABEBC5A000B0B81 /* AppDelegate.swift */,
				D24C112A1ABEBC5A000B0B81 /* RootViewController.swift */,
				D24C112C1ABEBC5A000B0B81 /* DataViewController.swift */,
				D24C112E1ABEBC5A000B0B81 /* ModelController.swift */,
				D24C11301ABEBC5A000B0B81 /* Main.storyboard */,
				D24C11331ABEBC5A000B0B81 /* Images.xcassets */,
				D24C11351ABEBC5A000B0B81 /* LaunchScreen.xib */,
				D24C11261ABEBC5A000B0B81 /* Supporting Files */,
			);
			path = scrowllView;
			sourceTree = "<group>";
		};
		D24C11261ABEBC5A000B0B81 /* Supporting Files */ = {
			isa = PBXGroup;
			children = (
				D24C11271ABEBC5A000B0B81 /* Info.plist */,
			);
			name = "Supporting Files";
			sourceTree = "<group>";
		};
		D24C113F1ABEBC5A000B0B81 /* scrowllViewTests */ = {
			isa = PBXGroup;
			children = (
				D24C11421ABEBC5A000B0B81 /* scrowllViewTests.swift */,
				D24C11401ABEBC5A000B0B81 /* Supporting Files */,
			);
			path = scrowllViewTests;
			sourceTree = "<group>";
		};
		D24C11401ABEBC5A000B0B81 /* Supporting Files */ = {
			isa = PBXGroup;
			children = (
				D24C11411ABEBC5A000B0B81 /* Info.plist */,
			);
			name = "Supporting Files";
			sourceTree = "<group>";
		};
/* End PBXGroup section */

/* Begin PBXNativeTarget section */
		D24C11221ABEBC5A000B0B81 /* scrowllView */ = {
			isa = PBXNativeTarget;
			buildConfigurationList = D24C11461ABEBC5A000B0B81 /* Build configuration list for PBXNativeTarget "scrowllView" */;
			buildPhases = (
				D24C111F1ABEBC5A000B0B81 /* Sources */,
				D24C11201ABEBC5A000B0B81 /* Frameworks */,
				D24C11211ABEBC5A000B0B81 /* Resources */,
			);
			buildRules = (
			);
			dependencies = (
			);
			name = scrowllView;
			productName = scrowllView;
			productReference = D24C11231ABEBC5A000B0B81 /* scrowllView.app */;
			productType = "com.apple.product-type.application";
		};
		D24C113B1ABEBC5A000B0B81 /* scrowllViewTests */ = {
			isa = PBXNativeTarget;
			buildConfigurationList = D24C11491ABEBC5A000B0B81 /* Build configuration list for PBXNativeTarget "scrowllViewTests" */;
			buildPhases = (
				D24C11381ABEBC5A000B0B81 /* Sources */,
				D24C11391ABEBC5A000B0B81 /* Frameworks */,
				D24C113A1ABEBC5A000B0B81 /* Resources */,
			);
			buildRules = (
			);
			dependencies = (
				D24C113E1ABEBC5A000B0B81 /* PBXTargetDependency */,
			);
			name = scrowllViewTests;
			productName = scrowllViewTests;
			productReference = D24C113C1ABEBC5A000B0B81 /* scrowllViewTests.xctest */;
			productType = "com.apple.product-type.bundle.unit-test";
		};
/* End PBXNativeTarget section */

/* Begin PBXProject section */
		D24C111B1ABEBC5A000B0B81 /* Project object */ = {
			isa = PBXProject;
			attributes = {
				LastUpgradeCheck = 0610;
				ORGANIZATIONNAME = "K.Yawn Xoan";
				TargetAttributes = {
					D24C11221ABEBC5A000B0B81 = {
						CreatedOnToolsVersion = 6.1.1;
					};
					D24C113B1ABEBC5A000B0B81 = {
						CreatedOnToolsVersion = 6.1.1;
						TestTargetID = D24C11221ABEBC5A000B0B81;
					};
				};
			};
			buildConfigurationList = D24C111E1ABEBC5A000B0B81 /* Build configuration list for PBXProject "scrowllView" */;
			compatibilityVersion = "Xcode 3.2";
			developmentRegion = English;
			hasScannedForEncodings = 0;
			knownRegions = (
				en,
				Base,
			);
			mainGroup = D24C111A1ABEBC5A000B0B81;
			productRefGroup = D24C11241ABEBC5A000B0B81 /* Products */;
			projectDirPath = "";
			projectRoot = "";
			targets = (
				D24C11221ABEBC5A000B0B81 /* scrowllView */,
				D24C113B1ABEBC5A000B0B81 /* scrowllViewTests */,
			);
		};
/* End PBXProject section */

/* Begin PBXResourcesBuildPhase section */
		D24C11211ABEBC5A000B0B81 /* Resources */ = {
			isa = PBXResourcesBuildPhase;
			buildActionMask = 2147483647;
			files = (
				D24C11321ABEBC5A000B0B81 /* Main.storyboard in Resources */,
				D24C11371ABEBC5A000B0B81 /* LaunchScreen.xib in Resources */,
				D24C11341ABEBC5A000B0B81 /* Images.xcassets in Resources */,
			);
			runOnlyForDeploymentPostprocessing = 0;
		};
		D24C113A1ABEBC5A000B0B81 /* Resources */ = {
			isa = PBXResourcesBuildPhase;
			buildActionMask = 2147483647;
			files = (
			);
			runOnlyForDeploymentPostprocessing = 0;
		};
/* End PBXResourcesBuildPhase section */

/* Begin PBXSourcesBuildPhase section */
		D24C111F1ABEBC5A000B0B81 /* Sources */ = {
			isa = PBXSourcesBuildPhase;
			buildActionMask = 2147483647;
			files = (
				D24C112B1ABEBC5A000B0B81 /* RootViewController.swift in Sources */,
				D24C112F1ABEBC5A000B0B81 /* ModelController.swift in Sources */,
				D24C112D1ABEBC5A000B0B81 /* DataViewController.swift in Sources */,
				D24C11291ABEBC5A000B0B81 /* AppDelegate.swift in Sources */,
			);
			runOnlyForDeploymentPostprocessing = 0;
		};
		D24C11381ABEBC5A000B0B81 /* Sources */ = {
			isa = PBXSourcesBuildPhase;
			buildActionMask = 2147483647;
			files = (
				D24C11431ABEBC5A000B0B81 /* scrowllViewTests.swift in Sources */,
			);
			runOnlyForDeploymentPostprocessing = 0;
		};
/* End PBXSourcesBuildPhase section */

/* Begin PBXTargetDependency section */
		D24C113E1ABEBC5A000B0B81 /* PBXTargetDependency */ = {
			isa = PBXTargetDependency;
			target = D24C11221ABEBC5A000B0B81 /* scrowllView */;
			targetProxy = D24C113D1ABEBC5A000B0B81 /* PBXContainerItemProxy */;
		};
/* End PBXTargetDependency section */

/* Begin PBXVariantGroup section */
		D24C11301ABEBC5A000B0B81 /* Main.storyboard */ = {
			isa = PBXVariantGroup;
			children = (
				D24C11311ABEBC5A000B0B81 /* Base */,
			);
			name = Main.storyboard;
			sourceTree = "<group>";
		};
		D24C11351ABEBC5A000B0B81 /* LaunchScreen.xib */ = {
			isa = PBXVariantGroup;
			children = (
				D24C11361ABEBC5A000B0B81 /* Base */,
			);
			name = LaunchScreen.xib;
			sourceTree = "<group>";
		};
/* End PBXVariantGroup section */

/* Begin XCBuildConfiguration section */
		D24C11441ABEBC5A000B0B81 /* Debug */ = {
			isa = XCBuildConfiguration;
			buildSettings = {
				ALWAYS_SEARCH_USER_PATHS = NO;
				CLANG_CXX_LANGUAGE_STANDARD = "gnu++0x";
				CLANG_CXX_LIBRARY = "libc++";
				CLANG_ENABLE_MODULES = YES;
				CLANG_ENABLE_OBJC_ARC = YES;
				CLANG_WARN_BOOL_CONVERSION = YES;
				CLANG_WARN_CONSTANT_CONVERSION = YES;
				CLANG_WARN_DIRECT_OBJC_ISA_USAGE = YES_ERROR;
				CLANG_WARN_EMPTY_BODY = YES;
				CLANG_WARN_ENUM_CONVERSION = YES;
				CLANG_WARN_INT_CONVERSION = YES;
				CLANG_WARN_OBJC_ROOT_CLASS = YES_ERROR;
				CLANG_WARN_UNREACHABLE_CODE = YES;
				CLANG_WARN__DUPLICATE_METHOD_MATCH = YES;
				"CODE_SIGN_IDENTITY[sdk=iphoneos*]" = "iPhone Developer";
				COPY_PHASE_STRIP = NO;
				ENABLE_STRICT_OBJC_MSGSEND = YES;
				GCC_C_LANGUAGE_STANDARD = gnu99;
				GCC_DYNAMIC_NO_PIC = NO;
				GCC_OPTIMIZATION_LEVEL = 0;
				GCC_PREPROCESSOR_DEFINITIONS = (
					"DEBUG=1",
					"$(inherited)",
				);
				GCC_SYMBOLS_PRIVATE_EXTERN = NO;
				GCC_WARN_64_TO_32_BIT_CONVERSION = YES;
				GCC_WARN_ABOUT_RETURN_TYPE = YES_ERROR;
				GCC_WARN_UNDECLARED_SELECTOR = YES;
				GCC_WARN_UNINITIALIZED_AUTOS = YES_AGGRESSIVE;
				GCC_WARN_UNUSED_FUNCTION = YES;
				GCC_WARN_UNUSED_VARIABLE = YES;
				IPHONEOS_DEPLOYMENT_TARGET = 8.1;
				MTL_ENABLE_DEBUG_INFO = YES;
				ONLY_ACTIVE_ARCH = YES;
				SDKROOT = iphoneos;
				SWIFT_OPTIMIZATION_LEVEL = "-Onone";
			};
			name = Debug;
		};
		D24C11451ABEBC5A000B0B81 /* Release */ = {
			isa = XCBuildConfiguration;
			buildSettings = {
				ALWAYS_SEARCH_USER_PATHS = NO;
				CLANG_CXX_LANGUAGE_STANDARD = "gnu++0x";
				CLANG_CXX_LIBRARY = "libc++";
				CLANG_ENABLE_MODULES = YES;
				CLANG_ENABLE_OBJC_ARC = YES;
				CLANG_WARN_BOOL_CONVERSION = YES;
				CLANG_WARN_CONSTANT_CONVERSION = YES;
				CLANG_WARN_DIRECT_OBJC_ISA_USAGE = YES_ERROR;
				CLANG_WARN_EMPTY_BODY = YES;
				CLANG_WARN_ENUM_CONVERSION = YES;
				CLANG_WARN_INT_CONVERSION = YES;
				CLANG_WARN_OBJC_ROOT_CLASS = YES_ERROR;
				CLANG_WARN_UNREACHABLE_CODE = YES;
				CLANG_WARN__DUPLICATE_METHOD_MATCH = YES;
				"CODE_SIGN_IDENTITY[sdk=iphoneos*]" = "iPhone Developer";
				COPY_PHASE_STRIP = YES;
				ENABLE_NS_ASSERTIONS = NO;
				ENABLE_STRICT_OBJC_MSGSEND = YES;
				GCC_C_LANGUAGE_STANDARD = gnu99;
				GCC_WARN_64_TO_32_BIT_CONVERSION = YES;
				GCC_WARN_ABOUT_RETURN_TYPE = YES_ERROR;
				GCC_WARN_UNDECLARED_SELECTOR = YES;
				GCC_WARN_UNINITIALIZED_AUTOS = YES_AGGRESSIVE;
				GCC_WARN_UNUSED_FUNCTION = YES;
				GCC_WARN_UNUSED_VARIABLE = YES;
				IPHONEOS_DEPLOYMENT_TARGET = 8.1;
				MTL_ENABLE_DEBUG_INFO = NO;
				SDKROOT = iphoneos;
				VALIDATE_PRODUCT = YES;
			};
			name = Release;
		};
		D24C11471ABEBC5A000B0B81 /* Debug */ = {
			isa = XCBuildConfiguration;
			buildSettings = {
				ASSETCATALOG_COMPILER_APPICON_NAME = AppIcon;
				CODE_SIGN_IDENTITY = "iPhone Developer: Wei Feng Hou (P4XREMZX86)";
				INFOPLIST_FILE = scrowllView/Info.plist;
				LD_RUNPATH_SEARCH_PATHS = "$(inherited) @executable_path/Frameworks";
				PRODUCT_NAME = "$(TARGET_NAME)";
			};
			name = Debug;
		};
		D24C11481ABEBC5A000B0B81 /* Release */ = {
			isa = XCBuildConfiguration;
			buildSettings = {
				ASSETCATALOG_COMPILER_APPICON_NAME = AppIcon;
				CODE_SIGN_IDENTITY = "iPhone Developer: Wei Feng Hou (P4XREMZX86)";
				INFOPLIST_FILE = scrowllView/Info.plist;
				LD_RUNPATH_SEARCH_PATHS = "$(inherited) @executable_path/Frameworks";
				PRODUCT_NAME = "$(TARGET_NAME)";
			};
			name = Release;
		};
		D24C114A1ABEBC5A000B0B81 /* Debug */ = {
			isa = XCBuildConfiguration;
			buildSettings = {
				BUNDLE_LOADER = "$(TEST_HOST)";
				FRAMEWORK_SEARCH_PATHS = (
					"$(SDKROOT)/Developer/Library/Frameworks",
					"$(inherited)",
				);
				GCC_PREPROCESSOR_DEFINITIONS = (
					"DEBUG=1",
					"$(inherited)",
				);
				INFOPLIST_FILE = scrowllViewTests/Info.plist;
				LD_RUNPATH_SEARCH_PATHS = "$(inherited) @executable_path/Frameworks @loader_path/Frameworks";
				PRODUCT_NAME = "$(TARGET_NAME)";
				TEST_HOST = "$(BUILT_PRODUCTS_DIR)/scrowllView.app/scrowllView";
			};
			name = Debug;
		};
		D24C114B1ABEBC5A000B0B81 /* Release */ = {
			isa = XCBuildConfiguration;
			buildSettings = {
				BUNDLE_LOADER = "$(TEST_HOST)";
				FRAMEWORK_SEARCH_PATHS = (
					"$(SDKROOT)/Developer/Library/Frameworks",
					"$(inherited)",
				);
				INFOPLIST_FILE = scrowllViewTests/Info.plist;
				LD_RUNPATH_SEARCH_PATHS = "$(inherited) @executable_path/Frameworks @loader_path/Frameworks";
				PRODUCT_NAME = "$(TARGET_NAME)";
				TEST_HOST = "$(BUILT_PRODUCTS_DIR)/scrowllView.app/scrowllView";
			};
			name = Release;
		};
/* End XCBuildConfiguration section */

/* Begin XCConfigurationList section */
		D24C111E1ABEBC5A000B0B81 /* Build configuration list for PBXProject "scrowllView" */ = {
			isa = XCConfigurationList;
			buildConfigurations = (
				D24C11441ABEBC5A000B0B81 /* Debug */,
				D24C11451ABEBC5A000B0B81 /* Release */,
			);
			defaultConfigurationIsVisible = 0;
			defaultConfigurationName = Release;
		};
		D24C11461ABEBC5A000B0B81 /* Build configuration list for PBXNativeTarget "scrowllView" */ = {
			isa = XCConfigurationList;
			buildConfigurations = (
				D24C11471ABEBC5A000B0B81 /* Debug */,
				D24C11481ABEBC5A000B0B81 /* Release */,
			);
			defaultConfigurationIsVisible = 0;
			defaultConfigurationName = Release;
		};
		D24C11491ABEBC5A000B0B81 /* Build configuration list for PBXNativeTarget "scrowllViewTests" */ = {
			isa = XCConfigurationList;
			buildConfigurations = (
				D24C114A1ABEBC5A000B0B81 /* Debug */,
				D24C114B1ABEBC5A000B0B81 /* Release */,
			);
			defaultConfigurationIsVisible = 0;
			defaultConfigurationName = Release;
		};
/* End XCConfigurationList section */
	};
	rootObject = D24C111B1ABEBC5A000B0B81 /* Project object */;
}
