// !$*UTF8*$!
{
	archiveVersion = 1;
	classes = {
	};
	objectVersion = 46;
	objects = {

/* Begin PBXBuildFile section */
		D27CDFCB1ABD091700CC8145 /* AppDelegate.swift in Sources */ = {isa = PBXBuildFile; fileRef = D27CDFCA1ABD091700CC8145 /* AppDelegate.swift */; };
		D27CDFCD1ABD091700CC8145 /* ViewController.swift in Sources */ = {isa = PBXBuildFile; fileRef = D27CDFCC1ABD091700CC8145 /* ViewController.swift */; };
		D27CDFD01ABD091700CC8145 /* Main.storyboard in Resources */ = {isa = PBXBuildFile; fileRef = D27CDFCE1ABD091700CC8145 /* Main.storyboard */; };
		D27CDFD21ABD091700CC8145 /* Images.xcassets in Resources */ = {isa = PBXBuildFile; fileRef = D27CDFD11ABD091700CC8145 /* Images.xcassets */; };
		D27CDFD51ABD091700CC8145 /* LaunchScreen.xib in Resources */ = {isa = PBXBuildFile; fileRef = D27CDFD31ABD091700CC8145 /* LaunchScreen.xib */; };
		D27CDFE11ABD091700CC8145 /* PickerViewDemoTests.swift in Sources */ = {isa = PBXBuildFile; fileRef = D27CDFE01ABD091700CC8145 /* PickerViewDemoTests.swift */; };
/* End PBXBuildFile section */

/* Begin PBXContainerItemProxy section */
		D27CDFDB1ABD091700CC8145 /* PBXContainerItemProxy */ = {
			isa = PBXContainerItemProxy;
			containerPortal = D27CDFBD1ABD091700CC8145 /* Project object */;
			proxyType = 1;
			remoteGlobalIDString = D27CDFC41ABD091700CC8145;
			remoteInfo = PickerViewDemo;
		};
/* End PBXContainerItemProxy section */

/* Begin PBXFileReference section */
		D27CDFC51ABD091700CC8145 /* PickerViewDemo.app */ = {isa = PBXFileReference; explicitFileType = wrapper.application; includeInIndex = 0; path = PickerViewDemo.app; sourceTree = BUILT_PRODUCTS_DIR; };
		D27CDFC91ABD091700CC8145 /* Info.plist */ = {isa = PBXFileReference; lastKnownFileType = text.plist.xml; path = Info.plist; sourceTree = "<group>"; };
		D27CDFCA1ABD091700CC8145 /* AppDelegate.swift */ = {isa = PBXFileReference; lastKnownFileType = sourcecode.swift; path = AppDelegate.swift; sourceTree = "<group>"; };
		D27CDFCC1ABD091700CC8145 /* ViewController.swift */ = {isa = PBXFileReference; lastKnownFileType = sourcecode.swift; path = ViewController.swift; sourceTree = "<group>"; };
		D27CDFCF1ABD091700CC8145 /* Base */ = {isa = PBXFileReference; lastKnownFileType = file.storyboard; name = Base; path = Base.lproj/Main.storyboard; sourceTree = "<group>"; };
		D27CDFD11ABD091700CC8145 /* Images.xcassets */ = {isa = PBXFileReference; lastKnownFileType = folder.assetcatalog; path = Images.xcassets; sourceTree = "<group>"; };
		D27CDFD41ABD091700CC8145 /* Base */ = {isa = PBXFileReference; lastKnownFileType = file.xib; name = Base; path = Base.lproj/LaunchScreen.xib; sourceTree = "<group>"; };
		D27CDFDA1ABD091700CC8145 /* PickerViewDemoTests.xctest */ = {isa = PBXFileReference; explicitFileType = wrapper.cfbundle; includeInIndex = 0; path = PickerViewDemoTests.xctest; sourceTree = BUILT_PRODUCTS_DIR; };
		D27CDFDF1ABD091700CC8145 /* Info.plist */ = {isa = PBXFileReference; lastKnownFileType = text.plist.xml; path = Info.plist; sourceTree = "<group>"; };
		D27CDFE01ABD091700CC8145 /* PickerViewDemoTests.swift */ = {isa = PBXFileReference; lastKnownFileType = sourcecode.swift; path = PickerViewDemoTests.swift; sourceTree = "<group>"; };
/* End PBXFileReference section */

/* Begin PBXFrameworksBuildPhase section */
		D27CDFC21ABD091700CC8145 /* Frameworks */ = {
			isa = PBXFrameworksBuildPhase;
			buildActionMask = 2147483647;
			files = (
			);
			runOnlyForDeploymentPostprocessing = 0;
		};
		D27CDFD71ABD091700CC8145 /* Frameworks */ = {
			isa = PBXFrameworksBuildPhase;
			buildActionMask = 2147483647;
			files = (
			);
			runOnlyForDeploymentPostprocessing = 0;
		};
/* End PBXFrameworksBuildPhase section */

/* Begin PBXGroup section */
		D27CDFBC1ABD091700CC8145 = {
			isa = PBXGroup;
			children = (
				D27CDFC71ABD091700CC8145 /* PickerViewDemo */,
				D27CDFDD1ABD091700CC8145 /* PickerViewDemoTests */,
				D27CDFC61ABD091700CC8145 /* Products */,
			);
			sourceTree = "<group>";
		};
		D27CDFC61ABD091700CC8145 /* Products */ = {
			isa = PBXGroup;
			children = (
				D27CDFC51ABD091700CC8145 /* PickerViewDemo.app */,
				D27CDFDA1ABD091700CC8145 /* PickerViewDemoTests.xctest */,
			);
			name = Products;
			sourceTree = "<group>";
		};
		D27CDFC71ABD091700CC8145 /* PickerViewDemo */ = {
			isa = PBXGroup;
			children = (
				D27CDFCA1ABD091700CC8145 /* AppDelegate.swift */,
				D27CDFCC1ABD091700CC8145 /* ViewController.swift */,
				D27CDFCE1ABD091700CC8145 /* Main.storyboard */,
				D27CDFD11ABD091700CC8145 /* Images.xcassets */,
				D27CDFD31ABD091700CC8145 /* LaunchScreen.xib */,
				D27CDFC81ABD091700CC8145 /* Supporting Files */,
			);
			path = PickerViewDemo;
			sourceTree = "<group>";
		};
		D27CDFC81ABD091700CC8145 /* Supporting Files */ = {
			isa = PBXGroup;
			children = (
				D27CDFC91ABD091700CC8145 /* Info.plist */,
			);
			name = "Supporting Files";
			sourceTree = "<group>";
		};
		D27CDFDD1ABD091700CC8145 /* PickerViewDemoTests */ = {
			isa = PBXGroup;
			children = (
				D27CDFE01ABD091700CC8145 /* PickerViewDemoTests.swift */,
				D27CDFDE1ABD091700CC8145 /* Supporting Files */,
			);
			path = PickerViewDemoTests;
			sourceTree = "<group>";
		};
		D27CDFDE1ABD091700CC8145 /* Supporting Files */ = {
			isa = PBXGroup;
			children = (
				D27CDFDF1ABD091700CC8145 /* Info.plist */,
			);
			name = "Supporting Files";
			sourceTree = "<group>";
		};
/* End PBXGroup section */

/* Begin PBXNativeTarget section */
		D27CDFC41ABD091700CC8145 /* PickerViewDemo */ = {
			isa = PBXNativeTarget;
			buildConfigurationList = D27CDFE41ABD091700CC8145 /* Build configuration list for PBXNativeTarget "PickerViewDemo" */;
			buildPhases = (
				D27CDFC11ABD091700CC8145 /* Sources */,
				D27CDFC21ABD091700CC8145 /* Frameworks */,
				D27CDFC31ABD091700CC8145 /* Resources */,
			);
			buildRules = (
			);
			dependencies = (
			);
			name = PickerViewDemo;
			productName = PickerViewDemo;
			productReference = D27CDFC51ABD091700CC8145 /* PickerViewDemo.app */;
			productType = "com.apple.product-type.application";
		};
		D27CDFD91ABD091700CC8145 /* PickerViewDemoTests */ = {
			isa = PBXNativeTarget;
			buildConfigurationList = D27CDFE71ABD091700CC8145 /* Build configuration list for PBXNativeTarget "PickerViewDemoTests" */;
			buildPhases = (
				D27CDFD61ABD091700CC8145 /* Sources */,
				D27CDFD71ABD091700CC8145 /* Frameworks */,
				D27CDFD81ABD091700CC8145 /* Resources */,
			);
			buildRules = (
			);
			dependencies = (
				D27CDFDC1ABD091700CC8145 /* PBXTargetDependency */,
			);
			name = PickerViewDemoTests;
			productName = PickerViewDemoTests;
			productReference = D27CDFDA1ABD091700CC8145 /* PickerViewDemoTests.xctest */;
			productType = "com.apple.product-type.bundle.unit-test";
		};
/* End PBXNativeTarget section */

/* Begin PBXProject section */
		D27CDFBD1ABD091700CC8145 /* Project object */ = {
			isa = PBXProject;
			attributes = {
				LastUpgradeCheck = 0610;
				ORGANIZATIONNAME = "K.Yawn Xoan";
				TargetAttributes = {
					D27CDFC41ABD091700CC8145 = {
						CreatedOnToolsVersion = 6.1.1;
					};
					D27CDFD91ABD091700CC8145 = {
						CreatedOnToolsVersion = 6.1.1;
						TestTargetID = D27CDFC41ABD091700CC8145;
					};
				};
			};
			buildConfigurationList = D27CDFC01ABD091700CC8145 /* Build configuration list for PBXProject "PickerViewDemo" */;
			compatibilityVersion = "Xcode 3.2";
			developmentRegion = English;
			hasScannedForEncodings = 0;
			knownRegions = (
				en,
				Base,
			);
			mainGroup = D27CDFBC1ABD091700CC8145;
			productRefGroup = D27CDFC61ABD091700CC8145 /* Products */;
			projectDirPath = "";
			projectRoot = "";
			targets = (
				D27CDFC41ABD091700CC8145 /* PickerViewDemo */,
				D27CDFD91ABD091700CC8145 /* PickerViewDemoTests */,
			);
		};
/* End PBXProject section */

/* Begin PBXResourcesBuildPhase section */
		D27CDFC31ABD091700CC8145 /* Resources */ = {
			isa = PBXResourcesBuildPhase;
			buildActionMask = 2147483647;
			files = (
				D27CDFD01ABD091700CC8145 /* Main.storyboard in Resources */,
				D27CDFD51ABD091700CC8145 /* LaunchScreen.xib in Resources */,
				D27CDFD21ABD091700CC8145 /* Images.xcassets in Resources */,
			);
			runOnlyForDeploymentPostprocessing = 0;
		};
		D27CDFD81ABD091700CC8145 /* Resources */ = {
			isa = PBXResourcesBuildPhase;
			buildActionMask = 2147483647;
			files = (
			);
			runOnlyForDeploymentPostprocessing = 0;
		};
/* End PBXResourcesBuildPhase section */

/* Begin PBXSourcesBuildPhase section */
		D27CDFC11ABD091700CC8145 /* Sources */ = {
			isa = PBXSourcesBuildPhase;
			buildActionMask = 2147483647;
			files = (
				D27CDFCD1ABD091700CC8145 /* ViewController.swift in Sources */,
				D27CDFCB1ABD091700CC8145 /* AppDelegate.swift in Sources */,
			);
			runOnlyForDeploymentPostprocessing = 0;
		};
		D27CDFD61ABD091700CC8145 /* Sources */ = {
			isa = PBXSourcesBuildPhase;
			buildActionMask = 2147483647;
			files = (
				D27CDFE11ABD091700CC8145 /* PickerViewDemoTests.swift in Sources */,
			);
			runOnlyForDeploymentPostprocessing = 0;
		};
/* End PBXSourcesBuildPhase section */

/* Begin PBXTargetDependency section */
		D27CDFDC1ABD091700CC8145 /* PBXTargetDependency */ = {
			isa = PBXTargetDependency;
			target = D27CDFC41ABD091700CC8145 /* PickerViewDemo */;
			targetProxy = D27CDFDB1ABD091700CC8145 /* PBXContainerItemProxy */;
		};
/* End PBXTargetDependency section */

/* Begin PBXVariantGroup section */
		D27CDFCE1ABD091700CC8145 /* Main.storyboard */ = {
			isa = PBXVariantGroup;
			children = (
				D27CDFCF1ABD091700CC8145 /* Base */,
			);
			name = Main.storyboard;
			sourceTree = "<group>";
		};
		D27CDFD31ABD091700CC8145 /* LaunchScreen.xib */ = {
			isa = PBXVariantGroup;
			children = (
				D27CDFD41ABD091700CC8145 /* Base */,
			);
			name = LaunchScreen.xib;
			sourceTree = "<group>";
		};
/* End PBXVariantGroup section */

/* Begin XCBuildConfiguration section */
		D27CDFE21ABD091700CC8145 /* Debug */ = {
			isa = XCBuildConfiguration;
			buildSettings = {
				ALWAYS_SEARCH_USER_PATHS = NO;
				CLANG_CXX_LANGUAGE_STANDARD = "gnu++0x";
				CLANG_CXX_LIBRARY = "libc++";
				CLANG_ENABLE_MODULES = YES;
				CLANG_ENABLE_OBJC_ARC = YES;
				CLANG_WARN_BOOL_CONVERSION = YES;
				CLANG_WARN_CONSTANT_CONVERSION = YES;
				CLANG_WARN_DIRECT_OBJC_ISA_USAGE = YES_ERROR;
				CLANG_WARN_EMPTY_BODY = YES;
				CLANG_WARN_ENUM_CONVERSION = YES;
				CLANG_WARN_INT_CONVERSION = YES;
				CLANG_WARN_OBJC_ROOT_CLASS = YES_ERROR;
				CLANG_WARN_UNREACHABLE_CODE = YES;
				CLANG_WARN__DUPLICATE_METHOD_MATCH = YES;
				"CODE_SIGN_IDENTITY[sdk=iphoneos*]" = "iPhone Developer";
				COPY_PHASE_STRIP = NO;
				ENABLE_STRICT_OBJC_MSGSEND = YES;
				GCC_C_LANGUAGE_STANDARD = gnu99;
				GCC_DYNAMIC_NO_PIC = NO;
				GCC_OPTIMIZATION_LEVEL = 0;
				GCC_PREPROCESSOR_DEFINITIONS = (
					"DEBUG=1",
					"$(inherited)",
				);
				GCC_SYMBOLS_PRIVATE_EXTERN = NO;
				GCC_WARN_64_TO_32_BIT_CONVERSION = YES;
				GCC_WARN_ABOUT_RETURN_TYPE = YES_ERROR;
				GCC_WARN_UNDECLARED_SELECTOR = YES;
				GCC_WARN_UNINITIALIZED_AUTOS = YES_AGGRESSIVE;
				GCC_WARN_UNUSED_FUNCTION = YES;
				GCC_WARN_UNUSED_VARIABLE = YES;
				IPHONEOS_DEPLOYMENT_TARGET = 8.1;
				MTL_ENABLE_DEBUG_INFO = YES;
				ONLY_ACTIVE_ARCH = YES;
				SDKROOT = iphoneos;
				SWIFT_OPTIMIZATION_LEVEL = "-Onone";
			};
			name = Debug;
		};
		D27CDFE31ABD091700CC8145 /* Release */ = {
			isa = XCBuildConfiguration;
			buildSettings = {
				ALWAYS_SEARCH_USER_PATHS = NO;
				CLANG_CXX_LANGUAGE_STANDARD = "gnu++0x";
				CLANG_CXX_LIBRARY = "libc++";
				CLANG_ENABLE_MODULES = YES;
				CLANG_ENABLE_OBJC_ARC = YES;
				CLANG_WARN_BOOL_CONVERSION = YES;
				CLANG_WARN_CONSTANT_CONVERSION = YES;
				CLANG_WARN_DIRECT_OBJC_ISA_USAGE = YES_ERROR;
				CLANG_WARN_EMPTY_BODY = YES;
				CLANG_WARN_ENUM_CONVERSION = YES;
				CLANG_WARN_INT_CONVERSION = YES;
				CLANG_WARN_OBJC_ROOT_CLASS = YES_ERROR;
				CLANG_WARN_UNREACHABLE_CODE = YES;
				CLANG_WARN__DUPLICATE_METHOD_MATCH = YES;
				"CODE_SIGN_IDENTITY[sdk=iphoneos*]" = "iPhone Developer";
				COPY_PHASE_STRIP = YES;
				ENABLE_NS_ASSERTIONS = NO;
				ENABLE_STRICT_OBJC_MSGSEND = YES;
				GCC_C_LANGUAGE_STANDARD = gnu99;
				GCC_WARN_64_TO_32_BIT_CONVERSION = YES;
				GCC_WARN_ABOUT_RETURN_TYPE = YES_ERROR;
				GCC_WARN_UNDECLARED_SELECTOR = YES;
				GCC_WARN_UNINITIALIZED_AUTOS = YES_AGGRESSIVE;
				GCC_WARN_UNUSED_FUNCTION = YES;
				GCC_WARN_UNUSED_VARIABLE = YES;
				IPHONEOS_DEPLOYMENT_TARGET = 8.1;
				MTL_ENABLE_DEBUG_INFO = NO;
				SDKROOT = iphoneos;
				VALIDATE_PRODUCT = YES;
			};
			name = Release;
		};
		D27CDFE51ABD091700CC8145 /* Debug */ = {
			isa = XCBuildConfiguration;
			buildSettings = {
				ASSETCATALOG_COMPILER_APPICON_NAME = AppIcon;
				INFOPLIST_FILE = PickerViewDemo/Info.plist;
				LD_RUNPATH_SEARCH_PATHS = "$(inherited) @executable_path/Frameworks";
				PRODUCT_NAME = "$(TARGET_NAME)";
			};
			name = Debug;
		};
		D27CDFE61ABD091700CC8145 /* Release */ = {
			isa = XCBuildConfiguration;
			buildSettings = {
				ASSETCATALOG_COMPILER_APPICON_NAME = AppIcon;
				INFOPLIST_FILE = PickerViewDemo/Info.plist;
				LD_RUNPATH_SEARCH_PATHS = "$(inherited) @executable_path/Frameworks";
				PRODUCT_NAME = "$(TARGET_NAME)";
			};
			name = Release;
		};
		D27CDFE81ABD091700CC8145 /* Debug */ = {
			isa = XCBuildConfiguration;
			buildSettings = {
				BUNDLE_LOADER = "$(TEST_HOST)";
				FRAMEWORK_SEARCH_PATHS = (
					"$(SDKROOT)/Developer/Library/Frameworks",
					"$(inherited)",
				);
				GCC_PREPROCESSOR_DEFINITIONS = (
					"DEBUG=1",
					"$(inherited)",
				);
				INFOPLIST_FILE = PickerViewDemoTests/Info.plist;
				LD_RUNPATH_SEARCH_PATHS = "$(inherited) @executable_path/Frameworks @loader_path/Frameworks";
				PRODUCT_NAME = "$(TARGET_NAME)";
				TEST_HOST = "$(BUILT_PRODUCTS_DIR)/PickerViewDemo.app/PickerViewDemo";
			};
			name = Debug;
		};
		D27CDFE91ABD091700CC8145 /* Release */ = {
			isa = XCBuildConfiguration;
			buildSettings = {
				BUNDLE_LOADER = "$(TEST_HOST)";
				FRAMEWORK_SEARCH_PATHS = (
					"$(SDKROOT)/Developer/Library/Frameworks",
					"$(inherited)",
				);
				INFOPLIST_FILE = PickerViewDemoTests/Info.plist;
				LD_RUNPATH_SEARCH_PATHS = "$(inherited) @executable_path/Frameworks @loader_path/Frameworks";
				PRODUCT_NAME = "$(TARGET_NAME)";
				TEST_HOST = "$(BUILT_PRODUCTS_DIR)/PickerViewDemo.app/PickerViewDemo";
			};
			name = Release;
		};
/* End XCBuildConfiguration section */

/* Begin XCConfigurationList section */
		D27CDFC01ABD091700CC8145 /* Build configuration list for PBXProject "PickerViewDemo" */ = {
			isa = XCConfigurationList;
			buildConfigurations = (
				D27CDFE21ABD091700CC8145 /* Debug */,
				D27CDFE31ABD091700CC8145 /* Release */,
			);
			defaultConfigurationIsVisible = 0;
			defaultConfigurationName = Release;
		};
		D27CDFE41ABD091700CC8145 /* Build configuration list for PBXNativeTarget "PickerViewDemo" */ = {
			isa = XCConfigurationList;
			buildConfigurations = (
				D27CDFE51ABD091700CC8145 /* Debug */,
				D27CDFE61ABD091700CC8145 /* Release */,
			);
			defaultConfigurationIsVisible = 0;
		};
		D27CDFE71ABD091700CC8145 /* Build configuration list for PBXNativeTarget "PickerViewDemoTests" */ = {
			isa = XCConfigurationList;
			buildConfigurations = (
				D27CDFE81ABD091700CC8145 /* Debug */,
				D27CDFE91ABD091700CC8145 /* Release */,
			);
			defaultConfigurationIsVisible = 0;
		};
/* End XCConfigurationList section */
	};
	rootObject = D27CDFBD1ABD091700CC8145 /* Project object */;
}
