// !$*UTF8*$!
{
	archiveVersion = 1;
	classes = {
	};
	objectVersion = 46;
	objects = {

/* Begin PBXBuildFile section */
		D2546B591ABBCCFF00745167 /* AppDelegate.swift in Sources */ = {isa = PBXBuildFile; fileRef = D2546B581ABBCCFF00745167 /* AppDelegate.swift */; };
		D2546B5B1ABBCCFF00745167 /* ViewController.swift in Sources */ = {isa = PBXBuildFile; fileRef = D2546B5A1ABBCCFF00745167 /* ViewController.swift */; };
		D2546B5E1ABBCCFF00745167 /* Main.storyboard in Resources */ = {isa = PBXBuildFile; fileRef = D2546B5C1ABBCCFF00745167 /* Main.storyboard */; };
		D2546B601ABBCCFF00745167 /* Images.xcassets in Resources */ = {isa = PBXBuildFile; fileRef = D2546B5F1ABBCCFF00745167 /* Images.xcassets */; };
		D2546B631ABBCCFF00745167 /* LaunchScreen.xib in Resources */ = {isa = PBXBuildFile; fileRef = D2546B611ABBCCFF00745167 /* LaunchScreen.xib */; };
		D2546B6F1ABBCCFF00745167 /* actionSheetDemoTests.swift in Sources */ = {isa = PBXBuildFile; fileRef = D2546B6E1ABBCCFF00745167 /* actionSheetDemoTests.swift */; };
/* End PBXBuildFile section */

/* Begin PBXContainerItemProxy section */
		D2546B691ABBCCFF00745167 /* PBXContainerItemProxy */ = {
			isa = PBXContainerItemProxy;
			containerPortal = D2546B4B1ABBCCFF00745167 /* Project object */;
			proxyType = 1;
			remoteGlobalIDString = D2546B521ABBCCFF00745167;
			remoteInfo = actionSheetDemo;
		};
/* End PBXContainerItemProxy section */

/* Begin PBXFileReference section */
		D2546B531ABBCCFF00745167 /* actionSheetDemo.app */ = {isa = PBXFileReference; explicitFileType = wrapper.application; includeInIndex = 0; path = actionSheetDemo.app; sourceTree = BUILT_PRODUCTS_DIR; };
		D2546B571ABBCCFF00745167 /* Info.plist */ = {isa = PBXFileReference; lastKnownFileType = text.plist.xml; path = Info.plist; sourceTree = "<group>"; };
		D2546B581ABBCCFF00745167 /* AppDelegate.swift */ = {isa = PBXFileReference; lastKnownFileType = sourcecode.swift; path = AppDelegate.swift; sourceTree = "<group>"; };
		D2546B5A1ABBCCFF00745167 /* ViewController.swift */ = {isa = PBXFileReference; lastKnownFileType = sourcecode.swift; path = ViewController.swift; sourceTree = "<group>"; };
		D2546B5D1ABBCCFF00745167 /* Base */ = {isa = PBXFileReference; lastKnownFileType = file.storyboard; name = Base; path = Base.lproj/Main.storyboard; sourceTree = "<group>"; };
		D2546B5F1ABBCCFF00745167 /* Images.xcassets */ = {isa = PBXFileReference; lastKnownFileType = folder.assetcatalog; path = Images.xcassets; sourceTree = "<group>"; };
		D2546B621ABBCCFF00745167 /* Base */ = {isa = PBXFileReference; lastKnownFileType = file.xib; name = Base; path = Base.lproj/LaunchScreen.xib; sourceTree = "<group>"; };
		D2546B681ABBCCFF00745167 /* actionSheetDemoTests.xctest */ = {isa = PBXFileReference; explicitFileType = wrapper.cfbundle; includeInIndex = 0; path = actionSheetDemoTests.xctest; sourceTree = BUILT_PRODUCTS_DIR; };
		D2546B6D1ABBCCFF00745167 /* Info.plist */ = {isa = PBXFileReference; lastKnownFileType = text.plist.xml; path = Info.plist; sourceTree = "<group>"; };
		D2546B6E1ABBCCFF00745167 /* actionSheetDemoTests.swift */ = {isa = PBXFileReference; lastKnownFileType = sourcecode.swift; path = actionSheetDemoTests.swift; sourceTree = "<group>"; };
/* End PBXFileReference section */

/* Begin PBXFrameworksBuildPhase section */
		D2546B501ABBCCFF00745167 /* Frameworks */ = {
			isa = PBXFrameworksBuildPhase;
			buildActionMask = 2147483647;
			files = (
			);
			runOnlyForDeploymentPostprocessing = 0;
		};
		D2546B651ABBCCFF00745167 /* Frameworks */ = {
			isa = PBXFrameworksBuildPhase;
			buildActionMask = 2147483647;
			files = (
			);
			runOnlyForDeploymentPostprocessing = 0;
		};
/* End PBXFrameworksBuildPhase section */

/* Begin PBXGroup section */
		D2546B4A1ABBCCFF00745167 = {
			isa = PBXGroup;
			children = (
				D2546B551ABBCCFF00745167 /* actionSheetDemo */,
				D2546B6B1ABBCCFF00745167 /* actionSheetDemoTests */,
				D2546B541ABBCCFF00745167 /* Products */,
			);
			sourceTree = "<group>";
		};
		D2546B541ABBCCFF00745167 /* Products */ = {
			isa = PBXGroup;
			children = (
				D2546B531ABBCCFF00745167 /* actionSheetDemo.app */,
				D2546B681ABBCCFF00745167 /* actionSheetDemoTests.xctest */,
			);
			name = Products;
			sourceTree = "<group>";
		};
		D2546B551ABBCCFF00745167 /* actionSheetDemo */ = {
			isa = PBXGroup;
			children = (
				D2546B581ABBCCFF00745167 /* AppDelegate.swift */,
				D2546B5A1ABBCCFF00745167 /* ViewController.swift */,
				D2546B5C1ABBCCFF00745167 /* Main.storyboard */,
				D2546B5F1ABBCCFF00745167 /* Images.xcassets */,
				D2546B611ABBCCFF00745167 /* LaunchScreen.xib */,
				D2546B561ABBCCFF00745167 /* Supporting Files */,
			);
			path = actionSheetDemo;
			sourceTree = "<group>";
		};
		D2546B561ABBCCFF00745167 /* Supporting Files */ = {
			isa = PBXGroup;
			children = (
				D2546B571ABBCCFF00745167 /* Info.plist */,
			);
			name = "Supporting Files";
			sourceTree = "<group>";
		};
		D2546B6B1ABBCCFF00745167 /* actionSheetDemoTests */ = {
			isa = PBXGroup;
			children = (
				D2546B6E1ABBCCFF00745167 /* actionSheetDemoTests.swift */,
				D2546B6C1ABBCCFF00745167 /* Supporting Files */,
			);
			path = actionSheetDemoTests;
			sourceTree = "<group>";
		};
		D2546B6C1ABBCCFF00745167 /* Supporting Files */ = {
			isa = PBXGroup;
			children = (
				D2546B6D1ABBCCFF00745167 /* Info.plist */,
			);
			name = "Supporting Files";
			sourceTree = "<group>";
		};
/* End PBXGroup section */

/* Begin PBXNativeTarget section */
		D2546B521ABBCCFF00745167 /* actionSheetDemo */ = {
			isa = PBXNativeTarget;
			buildConfigurationList = D2546B721ABBCCFF00745167 /* Build configuration list for PBXNativeTarget "actionSheetDemo" */;
			buildPhases = (
				D2546B4F1ABBCCFF00745167 /* Sources */,
				D2546B501ABBCCFF00745167 /* Frameworks */,
				D2546B511ABBCCFF00745167 /* Resources */,
			);
			buildRules = (
			);
			dependencies = (
			);
			name = actionSheetDemo;
			productName = actionSheetDemo;
			productReference = D2546B531ABBCCFF00745167 /* actionSheetDemo.app */;
			productType = "com.apple.product-type.application";
		};
		D2546B671ABBCCFF00745167 /* actionSheetDemoTests */ = {
			isa = PBXNativeTarget;
			buildConfigurationList = D2546B751ABBCCFF00745167 /* Build configuration list for PBXNativeTarget "actionSheetDemoTests" */;
			buildPhases = (
				D2546B641ABBCCFF00745167 /* Sources */,
				D2546B651ABBCCFF00745167 /* Frameworks */,
				D2546B661ABBCCFF00745167 /* Resources */,
			);
			buildRules = (
			);
			dependencies = (
				D2546B6A1ABBCCFF00745167 /* PBXTargetDependency */,
			);
			name = actionSheetDemoTests;
			productName = actionSheetDemoTests;
			productReference = D2546B681ABBCCFF00745167 /* actionSheetDemoTests.xctest */;
			productType = "com.apple.product-type.bundle.unit-test";
		};
/* End PBXNativeTarget section */

/* Begin PBXProject section */
		D2546B4B1ABBCCFF00745167 /* Project object */ = {
			isa = PBXProject;
			attributes = {
				LastUpgradeCheck = 0610;
				ORGANIZATIONNAME = "K.Yawn Xoan";
				TargetAttributes = {
					D2546B521ABBCCFF00745167 = {
						CreatedOnToolsVersion = 6.1.1;
					};
					D2546B671ABBCCFF00745167 = {
						CreatedOnToolsVersion = 6.1.1;
						TestTargetID = D2546B521ABBCCFF00745167;
					};
				};
			};
			buildConfigurationList = D2546B4E1ABBCCFF00745167 /* Build configuration list for PBXProject "actionSheetDemo" */;
			compatibilityVersion = "Xcode 3.2";
			developmentRegion = English;
			hasScannedForEncodings = 0;
			knownRegions = (
				en,
				Base,
			);
			mainGroup = D2546B4A1ABBCCFF00745167;
			productRefGroup = D2546B541ABBCCFF00745167 /* Products */;
			projectDirPath = "";
			projectRoot = "";
			targets = (
				D2546B521ABBCCFF00745167 /* actionSheetDemo */,
				D2546B671ABBCCFF00745167 /* actionSheetDemoTests */,
			);
		};
/* End PBXProject section */

/* Begin PBXResourcesBuildPhase section */
		D2546B511ABBCCFF00745167 /* Resources */ = {
			isa = PBXResourcesBuildPhase;
			buildActionMask = 2147483647;
			files = (
				D2546B5E1ABBCCFF00745167 /* Main.storyboard in Resources */,
				D2546B631ABBCCFF00745167 /* LaunchScreen.xib in Resources */,
				D2546B601ABBCCFF00745167 /* Images.xcassets in Resources */,
			);
			runOnlyForDeploymentPostprocessing = 0;
		};
		D2546B661ABBCCFF00745167 /* Resources */ = {
			isa = PBXResourcesBuildPhase;
			buildActionMask = 2147483647;
			files = (
			);
			runOnlyForDeploymentPostprocessing = 0;
		};
/* End PBXResourcesBuildPhase section */

/* Begin PBXSourcesBuildPhase section */
		D2546B4F1ABBCCFF00745167 /* Sources */ = {
			isa = PBXSourcesBuildPhase;
			buildActionMask = 2147483647;
			files = (
				D2546B5B1ABBCCFF00745167 /* ViewController.swift in Sources */,
				D2546B591ABBCCFF00745167 /* AppDelegate.swift in Sources */,
			);
			runOnlyForDeploymentPostprocessing = 0;
		};
		D2546B641ABBCCFF00745167 /* Sources */ = {
			isa = PBXSourcesBuildPhase;
			buildActionMask = 2147483647;
			files = (
				D2546B6F1ABBCCFF00745167 /* actionSheetDemoTests.swift in Sources */,
			);
			runOnlyForDeploymentPostprocessing = 0;
		};
/* End PBXSourcesBuildPhase section */

/* Begin PBXTargetDependency section */
		D2546B6A1ABBCCFF00745167 /* PBXTargetDependency */ = {
			isa = PBXTargetDependency;
			target = D2546B521ABBCCFF00745167 /* actionSheetDemo */;
			targetProxy = D2546B691ABBCCFF00745167 /* PBXContainerItemProxy */;
		};
/* End PBXTargetDependency section */

/* Begin PBXVariantGroup section */
		D2546B5C1ABBCCFF00745167 /* Main.storyboard */ = {
			isa = PBXVariantGroup;
			children = (
				D2546B5D1ABBCCFF00745167 /* Base */,
			);
			name = Main.storyboard;
			sourceTree = "<group>";
		};
		D2546B611ABBCCFF00745167 /* LaunchScreen.xib */ = {
			isa = PBXVariantGroup;
			children = (
				D2546B621ABBCCFF00745167 /* Base */,
			);
			name = LaunchScreen.xib;
			sourceTree = "<group>";
		};
/* End PBXVariantGroup section */

/* Begin XCBuildConfiguration section */
		D2546B701ABBCCFF00745167 /* Debug */ = {
			isa = XCBuildConfiguration;
			buildSettings = {
				ALWAYS_SEARCH_USER_PATHS = NO;
				CLANG_CXX_LANGUAGE_STANDARD = "gnu++0x";
				CLANG_CXX_LIBRARY = "libc++";
				CLANG_ENABLE_MODULES = YES;
				CLANG_ENABLE_OBJC_ARC = YES;
				CLANG_WARN_BOOL_CONVERSION = YES;
				CLANG_WARN_CONSTANT_CONVERSION = YES;
				CLANG_WARN_DIRECT_OBJC_ISA_USAGE = YES_ERROR;
				CLANG_WARN_EMPTY_BODY = YES;
				CLANG_WARN_ENUM_CONVERSION = YES;
				CLANG_WARN_INT_CONVERSION = YES;
				CLANG_WARN_OBJC_ROOT_CLASS = YES_ERROR;
				CLANG_WARN_UNREACHABLE_CODE = YES;
				CLANG_WARN__DUPLICATE_METHOD_MATCH = YES;
				"CODE_SIGN_IDENTITY[sdk=iphoneos*]" = "iPhone Developer";
				COPY_PHASE_STRIP = NO;
				ENABLE_STRICT_OBJC_MSGSEND = YES;
				GCC_C_LANGUAGE_STANDARD = gnu99;
				GCC_DYNAMIC_NO_PIC = NO;
				GCC_OPTIMIZATION_LEVEL = 0;
				GCC_PREPROCESSOR_DEFINITIONS = (
					"DEBUG=1",
					"$(inherited)",
				);
				GCC_SYMBOLS_PRIVATE_EXTERN = NO;
				GCC_WARN_64_TO_32_BIT_CONVERSION = YES;
				GCC_WARN_ABOUT_RETURN_TYPE = YES_ERROR;
				GCC_WARN_UNDECLARED_SELECTOR = YES;
				GCC_WARN_UNINITIALIZED_AUTOS = YES_AGGRESSIVE;
				GCC_WARN_UNUSED_FUNCTION = YES;
				GCC_WARN_UNUSED_VARIABLE = YES;
				IPHONEOS_DEPLOYMENT_TARGET = 8.1;
				MTL_ENABLE_DEBUG_INFO = YES;
				ONLY_ACTIVE_ARCH = YES;
				SDKROOT = iphoneos;
				SWIFT_OPTIMIZATION_LEVEL = "-Onone";
			};
			name = Debug;
		};
		D2546B711ABBCCFF00745167 /* Release */ = {
			isa = XCBuildConfiguration;
			buildSettings = {
				ALWAYS_SEARCH_USER_PATHS = NO;
				CLANG_CXX_LANGUAGE_STANDARD = "gnu++0x";
				CLANG_CXX_LIBRARY = "libc++";
				CLANG_ENABLE_MODULES = YES;
				CLANG_ENABLE_OBJC_ARC = YES;
				CLANG_WARN_BOOL_CONVERSION = YES;
				CLANG_WARN_CONSTANT_CONVERSION = YES;
				CLANG_WARN_DIRECT_OBJC_ISA_USAGE = YES_ERROR;
				CLANG_WARN_EMPTY_BODY = YES;
				CLANG_WARN_ENUM_CONVERSION = YES;
				CLANG_WARN_INT_CONVERSION = YES;
				CLANG_WARN_OBJC_ROOT_CLASS = YES_ERROR;
				CLANG_WARN_UNREACHABLE_CODE = YES;
				CLANG_WARN__DUPLICATE_METHOD_MATCH = YES;
				"CODE_SIGN_IDENTITY[sdk=iphoneos*]" = "iPhone Developer";
				COPY_PHASE_STRIP = YES;
				ENABLE_NS_ASSERTIONS = NO;
				ENABLE_STRICT_OBJC_MSGSEND = YES;
				GCC_C_LANGUAGE_STANDARD = gnu99;
				GCC_WARN_64_TO_32_BIT_CONVERSION = YES;
				GCC_WARN_ABOUT_RETURN_TYPE = YES_ERROR;
				GCC_WARN_UNDECLARED_SELECTOR = YES;
				GCC_WARN_UNINITIALIZED_AUTOS = YES_AGGRESSIVE;
				GCC_WARN_UNUSED_FUNCTION = YES;
				GCC_WARN_UNUSED_VARIABLE = YES;
				IPHONEOS_DEPLOYMENT_TARGET = 8.1;
				MTL_ENABLE_DEBUG_INFO = NO;
				SDKROOT = iphoneos;
				VALIDATE_PRODUCT = YES;
			};
			name = Release;
		};
		D2546B731ABBCCFF00745167 /* Debug */ = {
			isa = XCBuildConfiguration;
			buildSettings = {
				ASSETCATALOG_COMPILER_APPICON_NAME = AppIcon;
				CODE_SIGN_IDENTITY = "iPhone Developer: Wei Feng Hou (P4XREMZX86)";
				INFOPLIST_FILE = actionSheetDemo/Info.plist;
				LD_RUNPATH_SEARCH_PATHS = "$(inherited) @executable_path/Frameworks";
				PRODUCT_NAME = "$(TARGET_NAME)";
			};
			name = Debug;
		};
		D2546B741ABBCCFF00745167 /* Release */ = {
			isa = XCBuildConfiguration;
			buildSettings = {
				ASSETCATALOG_COMPILER_APPICON_NAME = AppIcon;
				CODE_SIGN_IDENTITY = "iPhone Developer: Wei Feng Hou (P4XREMZX86)";
				INFOPLIST_FILE = actionSheetDemo/Info.plist;
				LD_RUNPATH_SEARCH_PATHS = "$(inherited) @executable_path/Frameworks";
				PRODUCT_NAME = "$(TARGET_NAME)";
			};
			name = Release;
		};
		D2546B761ABBCCFF00745167 /* Debug */ = {
			isa = XCBuildConfiguration;
			buildSettings = {
				BUNDLE_LOADER = "$(TEST_HOST)";
				FRAMEWORK_SEARCH_PATHS = (
					"$(SDKROOT)/Developer/Library/Frameworks",
					"$(inherited)",
				);
				GCC_PREPROCESSOR_DEFINITIONS = (
					"DEBUG=1",
					"$(inherited)",
				);
				INFOPLIST_FILE = actionSheetDemoTests/Info.plist;
				LD_RUNPATH_SEARCH_PATHS = "$(inherited) @executable_path/Frameworks @loader_path/Frameworks";
				PRODUCT_NAME = "$(TARGET_NAME)";
				TEST_HOST = "$(BUILT_PRODUCTS_DIR)/actionSheetDemo.app/actionSheetDemo";
			};
			name = Debug;
		};
		D2546B771ABBCCFF00745167 /* Release */ = {
			isa = XCBuildConfiguration;
			buildSettings = {
				BUNDLE_LOADER = "$(TEST_HOST)";
				FRAMEWORK_SEARCH_PATHS = (
					"$(SDKROOT)/Developer/Library/Frameworks",
					"$(inherited)",
				);
				INFOPLIST_FILE = actionSheetDemoTests/Info.plist;
				LD_RUNPATH_SEARCH_PATHS = "$(inherited) @executable_path/Frameworks @loader_path/Frameworks";
				PRODUCT_NAME = "$(TARGET_NAME)";
				TEST_HOST = "$(BUILT_PRODUCTS_DIR)/actionSheetDemo.app/actionSheetDemo";
			};
			name = Release;
		};
/* End XCBuildConfiguration section */

/* Begin XCConfigurationList section */
		D2546B4E1ABBCCFF00745167 /* Build configuration list for PBXProject "actionSheetDemo" */ = {
			isa = XCConfigurationList;
			buildConfigurations = (
				D2546B701ABBCCFF00745167 /* Debug */,
				D2546B711ABBCCFF00745167 /* Release */,
			);
			defaultConfigurationIsVisible = 0;
			defaultConfigurationName = Release;
		};
		D2546B721ABBCCFF00745167 /* Build configuration list for PBXNativeTarget "actionSheetDemo" */ = {
			isa = XCConfigurationList;
			buildConfigurations = (
				D2546B731ABBCCFF00745167 /* Debug */,
				D2546B741ABBCCFF00745167 /* Release */,
			);
			defaultConfigurationIsVisible = 0;
			defaultConfigurationName = Release;
		};
		D2546B751ABBCCFF00745167 /* Build configuration list for PBXNativeTarget "actionSheetDemoTests" */ = {
			isa = XCConfigurationList;
			buildConfigurations = (
				D2546B761ABBCCFF00745167 /* Debug */,
				D2546B771ABBCCFF00745167 /* Release */,
			);
			defaultConfigurationIsVisible = 0;
			defaultConfigurationName = Release;
		};
/* End XCConfigurationList section */
	};
	rootObject = D2546B4B1ABBCCFF00745167 /* Project object */;
}
